# This file is automatically @generated by Poetry 2.1.4 and should not be changed by hand.

[[package]]
name = "attrs"
version = "25.4.0"
description = "Classes Without Boilerplate"
optional = false
python-versions = ">=3.9"
groups = ["main"]
files = [
    {file = "attrs-25.4.0-py3-none-any.whl", hash = "sha256:adcf7e2a1fb3b36ac48d97835bb6d8ade15b8dcce26aba8bf1d14847b57a3373"},
    {file = "attrs-25.4.0.tar.gz", hash = "sha256:16d5969b87f0859ef33a48b35d55ac1be6e42ae49d5e853b597db70c35c57e11"},
]

[[package]]
name = "colorama"
version = "0.4.6"
description = "Cross-platform colored terminal text."
optional = false
python-versions = "!=3.0.*,!=3.1.*,!=3.2.*,!=3.3.*,!=3.4.*,!=3.5.*,!=3.6.*,>=2.7"
groups = ["dev"]
files = [
    {file = "colorama-0.4.6-py2.py3-none-any.whl", hash = "sha256:4f1d9991f5acc0ca119f9d443620b77f9d6b33703e51011c16baf57afb285fc6"},
    {file = "colorama-0.4.6.tar.gz", hash = "sha256:08695f5cb7ed6e0531a20572697297273c47b8cae5a63ffc6d6ed5c201be6e44"},
]

[[package]]
name = "jsonschema"
version = "4.25.1"
description = "An implementation of JSON Schema validation for Python"
optional = false
python-versions = ">=3.9"
groups = ["main"]
files = [
    {file = "jsonschema-4.25.1-py3-none-any.whl", hash = "sha256:3fba0169e345c7175110351d456342c364814cfcf3b964ba4587f22915230a63"},
    {file = "jsonschema-4.25.1.tar.gz", hash = "sha256:e4a9655ce0da0c0b67a085847e00a3a51449e1157f4f75e9fb5aa545e122eb85"},
]

[package.dependencies]
attrs = ">=22.2.0"
jsonschema-specifications = ">=2023.03.6"
referencing = ">=0.28.4"
rpds-py = ">=0.7.1"

[package.extras]
format = ["fqdn", "idna", "isoduration", "jsonpointer (>1.13)", "rfc3339-validator", "rfc3987", "uri-template", "webcolors (>=1.11)"]
format-nongpl = ["fqdn", "idna", "isoduration", "jsonpointer (>1.13)", "rfc3339-validator", "rfc3986-validator (>0.1.0)", "rfc3987-syntax (>=1.1.0)", "uri-template", "webcolors (>=24.6.0)"]

[[package]]
name = "jsonschema-specifications"
version = "2025.9.1"
description = "The JSON Schema meta-schemas and vocabularies, exposed as a Registry"
optional = false
python-versions = ">=3.9"
groups = ["main"]
files = [
    {file = "jsonschema_specifications-2025.9.1-py3-none-any.whl", hash = "sha256:98802fee3a11ee76ecaca44429fda8a41bff98b00a0f2838151b113f210cc6fe"},
    {file = "jsonschema_specifications-2025.9.1.tar.gz", hash = "sha256:b540987f239e745613c7a9176f3edb72b832a4ac465cf02712288397832b5e8d"},
]

[package.dependencies]
referencing = ">=0.31.0"

[[package]]
name = "mslex"
version = "1.3.0"
description = "shlex for windows"
optional = false
python-versions = ">=3.5"
groups = ["dev"]
markers = "sys_platform == \"win32\""
files = [
    {file = "mslex-1.3.0-py3-none-any.whl", hash = "sha256:c7074b347201b3466fc077c5692fbce9b5f62a63a51f537a53fbbd02eff2eea4"},
    {file = "mslex-1.3.0.tar.gz", hash = "sha256:641c887d1d3db610eee2af37a8e5abda3f70b3006cdfd2d0d29dc0d1ae28a85d"},
]

[[package]]
name = "ocpp"
version = "2.1.0"
description = "Python package implementing the JSON version of the Open Charge Point Protocol (OCPP)."
optional = false
python-versions = "<4.0,>=3.11"
groups = ["main"]
files = [
    {file = "ocpp-2.1.0-py3-none-any.whl", hash = "sha256:0e452c14c21e2995431334ce1513d5ad8246ecb5c8fb90ed4143e2ecdd9e2845"},
    {file = "ocpp-2.1.0.tar.gz", hash = "sha256:d29bfafb7161f75a78314f5cfd1b82fdf155082cd0f4de48c4dc8e5741422cf0"},
]

[package.dependencies]
jsonschema = ">=4.23.0,<5.0.0"

[[package]]
name = "psutil"
version = "6.1.1"
description = "Cross-platform lib for process and system monitoring in Python."
optional = false
python-versions = "!=3.0.*,!=3.1.*,!=3.2.*,!=3.3.*,!=3.4.*,!=3.5.*,>=2.7"
groups = ["dev"]
files = [
    {file = "psutil-6.1.1-cp27-cp27m-macosx_10_9_x86_64.whl", hash = "sha256:9ccc4316f24409159897799b83004cb1e24f9819b0dcf9c0b68bdcb6cefee6a8"},
    {file = "psutil-6.1.1-cp27-cp27m-manylinux2010_i686.whl", hash = "sha256:ca9609c77ea3b8481ab005da74ed894035936223422dc591d6772b147421f777"},
    {file = "psutil-6.1.1-cp27-cp27m-manylinux2010_x86_64.whl", hash = "sha256:8df0178ba8a9e5bc84fed9cfa61d54601b371fbec5c8eebad27575f1e105c0d4"},
    {file = "psutil-6.1.1-cp27-cp27mu-manylinux2010_i686.whl", hash = "sha256:1924e659d6c19c647e763e78670a05dbb7feaf44a0e9c94bf9e14dfc6ba50468"},
    {file = "psutil-6.1.1-cp27-cp27mu-manylinux2010_x86_64.whl", hash = "sha256:018aeae2af92d943fdf1da6b58665124897cfc94faa2ca92098838f83e1b1bca"},
    {file = "psutil-6.1.1-cp27-none-win32.whl", hash = "sha256:6d4281f5bbca041e2292be3380ec56a9413b790579b8e593b1784499d0005dac"},
    {file = "psutil-6.1.1-cp27-none-win_amd64.whl", hash = "sha256:c777eb75bb33c47377c9af68f30e9f11bc78e0f07fbf907be4a5d70b2fe5f030"},
    {file = "psutil-6.1.1-cp36-abi3-macosx_10_9_x86_64.whl", hash = "sha256:fc0ed7fe2231a444fc219b9c42d0376e0a9a1a72f16c5cfa0f68d19f1a0663e8"},
    {file = "psutil-6.1.1-cp36-abi3-macosx_11_0_arm64.whl", hash = "sha256:0bdd4eab935276290ad3cb718e9809412895ca6b5b334f5a9111ee6d9aff9377"},
    {file = "psutil-6.1.1-cp36-abi3-manylinux_2_12_i686.manylinux2010_i686.manylinux_2_17_i686.manylinux2014_i686.whl", hash = "sha256:b6e06c20c05fe95a3d7302d74e7097756d4ba1247975ad6905441ae1b5b66003"},
    {file = "psutil-6.1.1-cp36-abi3-manylinux_2_12_x86_64.manylinux2010_x86_64.manylinux_2_17_x86_64.manylinux2014_x86_64.whl", hash = "sha256:97f7cb9921fbec4904f522d972f0c0e1f4fabbdd4e0287813b21215074a0f160"},
    {file = "psutil-6.1.1-cp36-abi3-manylinux_2_17_aarch64.manylinux2014_aarch64.whl", hash = "sha256:33431e84fee02bc84ea36d9e2c4a6d395d479c9dd9bba2376c1f6ee8f3a4e0b3"},
    {file = "psutil-6.1.1-cp36-cp36m-win32.whl", hash = "sha256:384636b1a64b47814437d1173be1427a7c83681b17a450bfc309a1953e329603"},
    {file = "psutil-6.1.1-cp36-cp36m-win_amd64.whl", hash = "sha256:8be07491f6ebe1a693f17d4f11e69d0dc1811fa082736500f649f79df7735303"},
    {file = "psutil-6.1.1-cp37-abi3-win32.whl", hash = "sha256:eaa912e0b11848c4d9279a93d7e2783df352b082f40111e078388701fd479e53"},
    {file = "psutil-6.1.1-cp37-abi3-win_amd64.whl", hash = "sha256:f35cfccb065fff93529d2afb4a2e89e363fe63ca1e4a5da22b603a85833c2649"},
    {file = "psutil-6.1.1.tar.gz", hash = "sha256:cf8496728c18f2d0b45198f06895be52f36611711746b7f30c464b422b50e2f5"},
]

[package.extras]
dev = ["abi3audit", "black", "check-manifest", "coverage", "packaging", "pylint", "pyperf", "pypinfo", "pytest-cov", "requests", "rstcheck", "ruff", "sphinx", "sphinx_rtd_theme", "toml-sort", "twine", "virtualenv", "vulture", "wheel"]
test = ["pytest", "pytest-xdist", "setuptools"]

[[package]]
name = "referencing"
version = "0.37.0"
description = "JSON Referencing + Python"
optional = false
python-versions = ">=3.10"
groups = ["main"]
files = [
    {file = "referencing-0.37.0-py3-none-any.whl", hash = "sha256:381329a9f99628c9069361716891d34ad94af76e461dcb0335825aecc7692231"},
    {file = "referencing-0.37.0.tar.gz", hash = "sha256:44aefc3142c5b842538163acb373e24cce6632bd54bdb01b21ad5863489f50d8"},
]

[package.dependencies]
attrs = ">=22.2.0"
rpds-py = ">=0.7.0"
typing-extensions = {version = ">=4.4.0", markers = "python_version < \"3.13\""}

[[package]]
name = "rpds-py"
version = "0.29.0"
description = "Python bindings to Rust's persistent data structures (rpds)"
optional = false
python-versions = ">=3.10"
groups = ["main"]
files = [
    {file = "rpds_py-0.29.0-cp310-cp310-macosx_10_12_x86_64.whl", hash = "sha256:4ae4b88c6617e1b9e5038ab3fccd7bac0842fdda2b703117b2aa99bc85379113"},
    {file = "rpds_py-0.29.0-cp310-cp310-macosx_11_0_arm64.whl", hash = "sha256:7d9128ec9d8cecda6f044001fde4fb71ea7c24325336612ef8179091eb9596b9"},
    {file = "rpds_py-0.29.0-cp310-cp310-manylinux_2_17_aarch64.manylinux2014_aarch64.whl", hash = "sha256:d37812c3da8e06f2bb35b3cf10e4a7b68e776a706c13058997238762b4e07f4f"},
    {file = "rpds_py-0.29.0-cp310-cp310-manylinux_2_17_armv7l.manylinux2014_armv7l.whl", hash = "sha256:66786c3fb1d8de416a7fa8e1cb1ec6ba0a745b2b0eee42f9b7daa26f1a495545"},
    {file = "rpds_py-0.29.0-cp310-cp310-manylinux_2_17_ppc64le.manylinux2014_ppc64le.whl", hash = "sha256:b58f5c77f1af888b5fd1876c9a0d9858f6f88a39c9dd7c073a88e57e577da66d"},
    {file = "rpds_py-0.29.0-cp310-cp310-manylinux_2_17_s390x.manylinux2014_s390x.whl", hash = "sha256:799156ef1f3529ed82c36eb012b5d7a4cf4b6ef556dd7cc192148991d07206ae"},
    {file = "rpds_py-0.29.0-cp310-cp310-manylinux_2_17_x86_64.manylinux2014_x86_64.whl", hash = "sha256:453783477aa4f2d9104c4b59b08c871431647cb7af51b549bbf2d9eb9c827756"},
    {file = "rpds_py-0.29.0-cp310-cp310-manylinux_2_31_riscv64.whl", hash = "sha256:24a7231493e3c4a4b30138b50cca089a598e52c34cf60b2f35cebf62f274fdea"},
    {file = "rpds_py-0.29.0-cp310-cp310-manylinux_2_5_i686.manylinux1_i686.whl", hash = "sha256:7033c1010b1f57bb44d8067e8c25aa6fa2e944dbf46ccc8c92b25043839c3fd2"},
    {file = "rpds_py-0.29.0-cp310-cp310-musllinux_1_2_aarch64.whl", hash = "sha256:0248b19405422573621172ab8e3a1f29141362d13d9f72bafa2e28ea0cdca5a2"},
    {file = "rpds_py-0.29.0-cp310-cp310-musllinux_1_2_i686.whl", hash = "sha256:f9f436aee28d13b9ad2c764fc273e0457e37c2e61529a07b928346b219fcde3b"},
    {file = "rpds_py-0.29.0-cp310-cp310-musllinux_1_2_x86_64.whl", hash = "sha256:24a16cb7163933906c62c272de20ea3c228e4542c8c45c1d7dc2b9913e17369a"},
    {file = "rpds_py-0.29.0-cp310-cp310-win32.whl", hash = "sha256:1a409b0310a566bfd1be82119891fefbdce615ccc8aa558aff7835c27988cbef"},
    {file = "rpds_py-0.29.0-cp310-cp310-win_amd64.whl", hash = "sha256:c5523b0009e7c3c1263471b69d8da1c7d41b3ecb4cb62ef72be206b92040a950"},
    {file = "rpds_py-0.29.0-cp311-cp311-macosx_10_12_x86_64.whl", hash = "sha256:9b9c764a11fd637e0322a488560533112837f5334ffeb48b1be20f6d98a7b437"},
    {file = "rpds_py-0.29.0-cp311-cp311-macosx_11_0_arm64.whl", hash = "sha256:3fd2164d73812026ce970d44c3ebd51e019d2a26a4425a5dcbdfa93a34abc383"},
    {file = "rpds_py-0.29.0-cp311-cp311-manylinux_2_17_aarch64.manylinux2014_aarch64.whl", hash = "sha256:4a097b7f7f7274164566ae90a221fd725363c0e9d243e2e9ed43d195ccc5495c"},
    {file = "rpds_py-0.29.0-cp311-cp311-manylinux_2_17_armv7l.manylinux2014_armv7l.whl", hash = "sha256:7cdc0490374e31cedefefaa1520d5fe38e82fde8748cbc926e7284574c714d6b"},
    {file = "rpds_py-0.29.0-cp311-cp311-manylinux_2_17_ppc64le.manylinux2014_ppc64le.whl", hash = "sha256:89ca2e673ddd5bde9b386da9a0aac0cab0e76f40c8f0aaf0d6311b6bbf2aa311"},
    {file = "rpds_py-0.29.0-cp311-cp311-manylinux_2_17_s390x.manylinux2014_s390x.whl", hash = "sha256:a5d9da3ff5af1ca1249b1adb8ef0573b94c76e6ae880ba1852f033bf429d4588"},
    {file = "rpds_py-0.29.0-cp311-cp311-manylinux_2_17_x86_64.manylinux2014_x86_64.whl", hash = "sha256:8238d1d310283e87376c12f658b61e1ee23a14c0e54c7c0ce953efdbdc72deed"},
    {file = "rpds_py-0.29.0-cp311-cp311-manylinux_2_31_riscv64.whl", hash = "sha256:2d6fb2ad1c36f91c4646989811e84b1ea5e0c3cf9690b826b6e32b7965853a63"},
    {file = "rpds_py-0.29.0-cp311-cp311-manylinux_2_5_i686.manylinux1_i686.whl", hash = "sha256:534dc9df211387547267ccdb42253aa30527482acb38dd9b21c5c115d66a96d2"},
    {file = "rpds_py-0.29.0-cp311-cp311-musllinux_1_2_aarch64.whl", hash = "sha256:d456e64724a075441e4ed648d7f154dc62e9aabff29bcdf723d0c00e9e1d352f"},
    {file = "rpds_py-0.29.0-cp311-cp311-musllinux_1_2_i686.whl", hash = "sha256:a738f2da2f565989401bd6fd0b15990a4d1523c6d7fe83f300b7e7d17212feca"},
    {file = "rpds_py-0.29.0-cp311-cp311-musllinux_1_2_x86_64.whl", hash = "sha256:a110e14508fd26fd2e472bb541f37c209409876ba601cf57e739e87d8a53cf95"},
    {file = "rpds_py-0.29.0-cp311-cp311-win32.whl", hash = "sha256:923248a56dd8d158389a28934f6f69ebf89f218ef96a6b216a9be6861804d3f4"},
    {file = "rpds_py-0.29.0-cp311-cp311-win_amd64.whl", hash = "sha256:539eb77eb043afcc45314d1be09ea6d6cafb3addc73e0547c171c6d636957f60"},
    {file = "rpds_py-0.29.0-cp311-cp311-win_arm64.whl", hash = "sha256:bdb67151ea81fcf02d8f494703fb728d4d34d24556cbff5f417d74f6f5792e7c"},
    {file = "rpds_py-0.29.0-cp312-cp312-macosx_10_12_x86_64.whl", hash = "sha256:a0891cfd8db43e085c0ab93ab7e9b0c8fee84780d436d3b266b113e51e79f954"},
    {file = "rpds_py-0.29.0-cp312-cp312-macosx_11_0_arm64.whl", hash = "sha256:3897924d3f9a0361472d884051f9a2460358f9a45b1d85a39a158d2f8f1ad71c"},
    {file = "rpds_py-0.29.0-cp312-cp312-manylinux_2_17_aarch64.manylinux2014_aarch64.whl", hash = "sha256:2a21deb8e0d1571508c6491ce5ea5e25669b1dd4adf1c9d64b6314842f708b5d"},
    {file = "rpds_py-0.29.0-cp312-cp312-manylinux_2_17_armv7l.manylinux2014_armv7l.whl", hash = "sha256:9efe71687d6427737a0a2de9ca1c0a216510e6cd08925c44162be23ed7bed2d5"},
    {file = "rpds_py-0.29.0-cp312-cp312-manylinux_2_17_ppc64le.manylinux2014_ppc64le.whl", hash = "sha256:40f65470919dc189c833e86b2c4bd21bd355f98436a2cef9e0a9a92aebc8e57e"},
    {file = "rpds_py-0.29.0-cp312-cp312-manylinux_2_17_s390x.manylinux2014_s390x.whl", hash = "sha256:def48ff59f181130f1a2cb7c517d16328efac3ec03951cca40c1dc2049747e83"},
    {file = "rpds_py-0.29.0-cp312-cp312-manylinux_2_17_x86_64.manylinux2014_x86_64.whl", hash = "sha256:ad7bd570be92695d89285a4b373006930715b78d96449f686af422debb4d3949"},
    {file = "rpds_py-0.29.0-cp312-cp312-manylinux_2_31_riscv64.whl", hash = "sha256:5a572911cd053137bbff8e3a52d31c5d2dba51d3a67ad902629c70185f3f2181"},
    {file = "rpds_py-0.29.0-cp312-cp312-manylinux_2_5_i686.manylinux1_i686.whl", hash = "sha256:d583d4403bcbf10cffc3ab5cee23d7643fcc960dff85973fd3c2d6c86e8dbb0c"},
    {file = "rpds_py-0.29.0-cp312-cp312-musllinux_1_2_aarch64.whl", hash = "sha256:070befbb868f257d24c3bb350dbd6e2f645e83731f31264b19d7231dd5c396c7"},
    {file = "rpds_py-0.29.0-cp312-cp312-musllinux_1_2_i686.whl", hash = "sha256:fc935f6b20b0c9f919a8ff024739174522abd331978f750a74bb68abd117bd19"},
    {file = "rpds_py-0.29.0-cp312-cp312-musllinux_1_2_x86_64.whl", hash = "sha256:8c5a8ecaa44ce2d8d9d20a68a2483a74c07f05d72e94a4dff88906c8807e77b0"},
    {file = "rpds_py-0.29.0-cp312-cp312-win32.whl", hash = "sha256:ba5e1aeaf8dd6d8f6caba1f5539cddda87d511331714b7b5fc908b6cfc3636b7"},
    {file = "rpds_py-0.29.0-cp312-cp312-win_amd64.whl", hash = "sha256:b5f6134faf54b3cb83375db0f113506f8b7770785be1f95a631e7e2892101977"},
    {file = "rpds_py-0.29.0-cp312-cp312-win_arm64.whl", hash = "sha256:b016eddf00dca7944721bf0cd85b6af7f6c4efaf83ee0b37c4133bd39757a8c7"},
    {file = "rpds_py-0.29.0-cp313-cp313-macosx_10_12_x86_64.whl", hash = "sha256:1585648d0760b88292eecab5181f5651111a69d90eff35d6b78aa32998886a61"},
    {file = "rpds_py-0.29.0-cp313-cp313-macosx_11_0_arm64.whl", hash = "sha256:521807963971a23996ddaf764c682b3e46459b3c58ccd79fefbe16718db43154"},
    {file = "rpds_py-0.29.0-cp313-cp313-manylinux_2_17_aarch64.manylinux2014_aarch64.whl", hash = "sha256:0a8896986efaa243ab713c69e6491a4138410f0fe36f2f4c71e18bd5501e8014"},
    {file = "rpds_py-0.29.0-cp313-cp313-manylinux_2_17_armv7l.manylinux2014_armv7l.whl", hash = "sha256:1d24564a700ef41480a984c5ebed62b74e6ce5860429b98b1fede76049e953e6"},
    {file = "rpds_py-0.29.0-cp313-cp313-manylinux_2_17_ppc64le.manylinux2014_ppc64le.whl", hash = "sha256:e6596b93c010d386ae46c9fba9bfc9fc5965fa8228edeac51576299182c2e31c"},
    {file = "rpds_py-0.29.0-cp313-cp313-manylinux_2_17_s390x.manylinux2014_s390x.whl", hash = "sha256:5cc58aac218826d054c7da7f95821eba94125d88be673ff44267bb89d12a5866"},
    {file = "rpds_py-0.29.0-cp313-cp313-manylinux_2_17_x86_64.manylinux2014_x86_64.whl", hash = "sha256:de73e40ebc04dd5d9556f50180395322193a78ec247e637e741c1b954810f295"},
    {file = "rpds_py-0.29.0-cp313-cp313-manylinux_2_31_riscv64.whl", hash = "sha256:295ce5ac7f0cf69a651ea75c8f76d02a31f98e5698e82a50a5f4d4982fbbae3b"},
    {file = "rpds_py-0.29.0-cp313-cp313-manylinux_2_5_i686.manylinux1_i686.whl", hash = "sha256:1ea59b23ea931d494459c8338056fe7d93458c0bf3ecc061cd03916505369d55"},
    {file = "rpds_py-0.29.0-cp313-cp313-musllinux_1_2_aarch64.whl", hash = "sha256:f49d41559cebd608042fdcf54ba597a4a7555b49ad5c1c0c03e0af82692661cd"},
    {file = "rpds_py-0.29.0-cp313-cp313-musllinux_1_2_i686.whl", hash = "sha256:05a2bd42768ea988294ca328206efbcc66e220d2d9b7836ee5712c07ad6340ea"},
    {file = "rpds_py-0.29.0-cp313-cp313-musllinux_1_2_x86_64.whl", hash = "sha256:33ca7bdfedd83339ca55da3a5e1527ee5870d4b8369456b5777b197756f3ca22"},
    {file = "rpds_py-0.29.0-cp313-cp313-win32.whl", hash = "sha256:20c51ae86a0bb9accc9ad4e6cdeec58d5ebb7f1b09dd4466331fc65e1766aae7"},
    {file = "rpds_py-0.29.0-cp313-cp313-win_amd64.whl", hash = "sha256:6410e66f02803600edb0b1889541f4b5cc298a5ccda0ad789cc50ef23b54813e"},
    {file = "rpds_py-0.29.0-cp313-cp313-win_arm64.whl", hash = "sha256:56838e1cd9174dc23c5691ee29f1d1be9eab357f27efef6bded1328b23e1ced2"},
    {file = "rpds_py-0.29.0-cp313-cp313t-macosx_10_12_x86_64.whl", hash = "sha256:37d94eadf764d16b9a04307f2ab1d7af6dc28774bbe0535c9323101e14877b4c"},
    {file = "rpds_py-0.29.0-cp313-cp313t-macosx_11_0_arm64.whl", hash = "sha256:d472cf73efe5726a067dce63eebe8215b14beabea7c12606fd9994267b3cfe2b"},
    {file = "rpds_py-0.29.0-cp313-cp313t-manylinux_2_17_aarch64.manylinux2014_aarch64.whl", hash = "sha256:72fdfd5ff8992e4636621826371e3ac5f3e3b8323e9d0e48378e9c13c3dac9d0"},
    {file = "rpds_py-0.29.0-cp313-cp313t-manylinux_2_17_armv7l.manylinux2014_armv7l.whl", hash = "sha256:2549d833abdf8275c901313b9e8ff8fba57e50f6a495035a2a4e30621a2f7cc4"},
    {file = "rpds_py-0.29.0-cp313-cp313t-manylinux_2_17_ppc64le.manylinux2014_ppc64le.whl", hash = "sha256:4448dad428f28a6a767c3e3b80cde3446a22a0efbddaa2360f4bb4dc836d0688"},
    {file = "rpds_py-0.29.0-cp313-cp313t-manylinux_2_17_s390x.manylinux2014_s390x.whl", hash = "sha256:115f48170fd4296a33938d8c11f697f5f26e0472e43d28f35624764173a60e4d"},
    {file = "rpds_py-0.29.0-cp313-cp313t-manylinux_2_17_x86_64.manylinux2014_x86_64.whl", hash = "sha256:8e5bb73ffc029820f4348e9b66b3027493ae00bca6629129cd433fd7a76308ee"},
    {file = "rpds_py-0.29.0-cp313-cp313t-manylinux_2_31_riscv64.whl", hash = "sha256:b1581fcde18fcdf42ea2403a16a6b646f8eb1e58d7f90a0ce693da441f76942e"},
    {file = "rpds_py-0.29.0-cp313-cp313t-manylinux_2_5_i686.manylinux1_i686.whl", hash = "sha256:16e9da2bda9eb17ea318b4c335ec9ac1818e88922cbe03a5743ea0da9ecf74fb"},
    {file = "rpds_py-0.29.0-cp313-cp313t-musllinux_1_2_aarch64.whl", hash = "sha256:28fd300326dd21198f311534bdb6d7e989dd09b3418b3a91d54a0f384c700967"},
    {file = "rpds_py-0.29.0-cp313-cp313t-musllinux_1_2_i686.whl", hash = "sha256:2aba991e041d031c7939e1358f583ae405a7bf04804ca806b97a5c0e0af1ea5e"},
    {file = "rpds_py-0.29.0-cp313-cp313t-musllinux_1_2_x86_64.whl", hash = "sha256:7f437026dbbc3f08c99cc41a5b2570c6e1a1ddbe48ab19a9b814254128d4ea7a"},
    {file = "rpds_py-0.29.0-cp313-cp313t-win32.whl", hash = "sha256:6e97846e9800a5d0fe7be4d008f0c93d0feeb2700da7b1f7528dabafb31dfadb"},
    {file = "rpds_py-0.29.0-cp313-cp313t-win_amd64.whl", hash = "sha256:f49196aec7c4b406495f60e6f947ad71f317a765f956d74bbd83996b9edc0352"},
    {file = "rpds_py-0.29.0-cp314-cp314-macosx_10_12_x86_64.whl", hash = "sha256:394d27e4453d3b4d82bb85665dc1fcf4b0badc30fc84282defed71643b50e1a1"},
    {file = "rpds_py-0.29.0-cp314-cp314-macosx_11_0_arm64.whl", hash = "sha256:55d827b2ae95425d3be9bc9a5838b6c29d664924f98146557f7715e331d06df8"},
    {file = "rpds_py-0.29.0-cp314-cp314-manylinux_2_17_aarch64.manylinux2014_aarch64.whl", hash = "sha256:fc31a07ed352e5462d3ee1b22e89285f4ce97d5266f6d1169da1142e78045626"},
    {file = "rpds_py-0.29.0-cp314-cp314-manylinux_2_17_armv7l.manylinux2014_armv7l.whl", hash = "sha256:c4695dd224212f6105db7ea62197144230b808d6b2bba52238906a2762f1d1e7"},
    {file = "rpds_py-0.29.0-cp314-cp314-manylinux_2_17_ppc64le.manylinux2014_ppc64le.whl", hash = "sha256:fcae1770b401167f8b9e1e3f566562e6966ffa9ce63639916248a9e25fa8a244"},
    {file = "rpds_py-0.29.0-cp314-cp314-manylinux_2_17_s390x.manylinux2014_s390x.whl", hash = "sha256:90f30d15f45048448b8da21c41703b31c61119c06c216a1bf8c245812a0f0c17"},
    {file = "rpds_py-0.29.0-cp314-cp314-manylinux_2_17_x86_64.manylinux2014_x86_64.whl", hash = "sha256:44a91e0ab77bdc0004b43261a4b8cd6d6b451e8d443754cfda830002b5745b32"},
    {file = "rpds_py-0.29.0-cp314-cp314-manylinux_2_31_riscv64.whl", hash = "sha256:4aa195e5804d32c682e453b34474f411ca108e4291c6a0f824ebdc30a91c973c"},
    {file = "rpds_py-0.29.0-cp314-cp314-manylinux_2_5_i686.manylinux1_i686.whl", hash = "sha256:7971bdb7bf4ee0f7e6f67fa4c7fbc6019d9850cc977d126904392d363f6f8318"},
    {file = "rpds_py-0.29.0-cp314-cp314-musllinux_1_2_aarch64.whl", hash = "sha256:8ae33ad9ce580c7a47452c3b3f7d8a9095ef6208e0a0c7e4e2384f9fc5bf8212"},
    {file = "rpds_py-0.29.0-cp314-cp314-musllinux_1_2_i686.whl", hash = "sha256:c661132ab2fb4eeede2ef69670fd60da5235209874d001a98f1542f31f2a8a94"},
    {file = "rpds_py-0.29.0-cp314-cp314-musllinux_1_2_x86_64.whl", hash = "sha256:bb78b3a0d31ac1bde132c67015a809948db751cb4e92cdb3f0b242e430b6ed0d"},
    {file = "rpds_py-0.29.0-cp314-cp314-win32.whl", hash = "sha256:f475f103488312e9bd4000bc890a95955a07b2d0b6e8884aef4be56132adbbf1"},
    {file = "rpds_py-0.29.0-cp314-cp314-win_amd64.whl", hash = "sha256:b9cf2359a4fca87cfb6801fae83a76aedf66ee1254a7a151f1341632acf67f1b"},
    {file = "rpds_py-0.29.0-cp314-cp314-win_arm64.whl", hash = "sha256:9ba8028597e824854f0f1733d8b964e914ae3003b22a10c2c664cb6927e0feb9"},
    {file = "rpds_py-0.29.0-cp314-cp314t-macosx_10_12_x86_64.whl", hash = "sha256:e71136fd0612556b35c575dc2726ae04a1669e6a6c378f2240312cf5d1a2ab10"},
    {file = "rpds_py-0.29.0-cp314-cp314t-macosx_11_0_arm64.whl", hash = "sha256:76fe96632d53f3bf0ea31ede2f53bbe3540cc2736d4aec3b3801b0458499ef3a"},
    {file = "rpds_py-0.29.0-cp314-cp314t-manylinux_2_17_aarch64.manylinux2014_aarch64.whl", hash = "sha256:9459a33f077130dbb2c7c3cea72ee9932271fb3126404ba2a2661e4fe9eb7b79"},
    {file = "rpds_py-0.29.0-cp314-cp314t-manylinux_2_17_armv7l.manylinux2014_armv7l.whl", hash = "sha256:5c9546cfdd5d45e562cc0444b6dddc191e625c62e866bf567a2c69487c7ad28a"},
    {file = "rpds_py-0.29.0-cp314-cp314t-manylinux_2_17_ppc64le.manylinux2014_ppc64le.whl", hash = "sha256:12597d11d97b8f7e376c88929a6e17acb980e234547c92992f9f7c058f1a7310"},
    {file = "rpds_py-0.29.0-cp314-cp314t-manylinux_2_17_s390x.manylinux2014_s390x.whl", hash = "sha256:28de03cf48b8a9e6ec10318f2197b83946ed91e2891f651a109611be4106ac4b"},
    {file = "rpds_py-0.29.0-cp314-cp314t-manylinux_2_17_x86_64.manylinux2014_x86_64.whl", hash = "sha256:fd7951c964069039acc9d67a8ff1f0a7f34845ae180ca542b17dc1456b1f1808"},
    {file = "rpds_py-0.29.0-cp314-cp314t-manylinux_2_31_riscv64.whl", hash = "sha256:c07d107b7316088f1ac0177a7661ca0c6670d443f6fe72e836069025e6266761"},
    {file = "rpds_py-0.29.0-cp314-cp314t-manylinux_2_5_i686.manylinux1_i686.whl", hash = "sha256:1de2345af363d25696969befc0c1688a6cb5e8b1d32b515ef84fc245c6cddba3"},
    {file = "rpds_py-0.29.0-cp314-cp314t-musllinux_1_2_aarch64.whl", hash = "sha256:00e56b12d2199ca96068057e1ae7f9998ab6e99cda82431afafd32f3ec98cca9"},
    {file = "rpds_py-0.29.0-cp314-cp314t-musllinux_1_2_i686.whl", hash = "sha256:3919a3bbecee589300ed25000b6944174e07cd20db70552159207b3f4bbb45b8"},
    {file = "rpds_py-0.29.0-cp314-cp314t-musllinux_1_2_x86_64.whl", hash = "sha256:e7fa2ccc312bbd91e43aa5e0869e46bc03278a3dddb8d58833150a18b0f0283a"},
    {file = "rpds_py-0.29.0-cp314-cp314t-win32.whl", hash = "sha256:97c817863ffc397f1e6a6e9d2d89fe5408c0a9922dac0329672fb0f35c867ea5"},
    {file = "rpds_py-0.29.0-cp314-cp314t-win_amd64.whl", hash = "sha256:2023473f444752f0f82a58dfcbee040d0a1b3d1b3c2ec40e884bd25db6d117d2"},
    {file = "rpds_py-0.29.0-pp311-pypy311_pp73-macosx_10_12_x86_64.whl", hash = "sha256:acd82a9e39082dc5f4492d15a6b6c8599aa21db5c35aaf7d6889aea16502c07d"},
    {file = "rpds_py-0.29.0-pp311-pypy311_pp73-macosx_11_0_arm64.whl", hash = "sha256:715b67eac317bf1c7657508170a3e011a1ea6ccb1c9d5f296e20ba14196be6b3"},
    {file = "rpds_py-0.29.0-pp311-pypy311_pp73-manylinux_2_17_aarch64.manylinux2014_aarch64.whl", hash = "sha256:f3b1b87a237cb2dba4db18bcfaaa44ba4cd5936b91121b62292ff21df577fc43"},
    {file = "rpds_py-0.29.0-pp311-pypy311_pp73-manylinux_2_17_armv7l.manylinux2014_armv7l.whl", hash = "sha256:1c3c3e8101bb06e337c88eb0c0ede3187131f19d97d43ea0e1c5407ea74c0cbf"},
    {file = "rpds_py-0.29.0-pp311-pypy311_pp73-manylinux_2_17_ppc64le.manylinux2014_ppc64le.whl", hash = "sha256:2b8e54d6e61f3ecd3abe032065ce83ea63417a24f437e4a3d73d2f85ce7b7cfe"},
    {file = "rpds_py-0.29.0-pp311-pypy311_pp73-manylinux_2_17_s390x.manylinux2014_s390x.whl", hash = "sha256:3fbd4e9aebf110473a420dea85a238b254cf8a15acb04b22a5a6b5ce8925b760"},
    {file = "rpds_py-0.29.0-pp311-pypy311_pp73-manylinux_2_17_x86_64.manylinux2014_x86_64.whl", hash = "sha256:80fdf53d36e6c72819993e35d1ebeeb8e8fc688d0c6c2b391b55e335b3afba5a"},
    {file = "rpds_py-0.29.0-pp311-pypy311_pp73-manylinux_2_31_riscv64.whl", hash = "sha256:ea7173df5d86f625f8dde6d5929629ad811ed8decda3b60ae603903839ac9ac0"},
    {file = "rpds_py-0.29.0-pp311-pypy311_pp73-manylinux_2_5_i686.manylinux1_i686.whl", hash = "sha256:76054d540061eda273274f3d13a21a4abdde90e13eaefdc205db37c05230efce"},
    {file = "rpds_py-0.29.0-pp311-pypy311_pp73-musllinux_1_2_aarch64.whl", hash = "sha256:9f84c549746a5be3bc7415830747a3a0312573afc9f95785eb35228bb17742ec"},
    {file = "rpds_py-0.29.0-pp311-pypy311_pp73-musllinux_1_2_i686.whl", hash = "sha256:0ea962671af5cb9a260489e311fa22b2e97103e3f9f0caaea6f81390af96a9ed"},
    {file = "rpds_py-0.29.0-pp311-pypy311_pp73-musllinux_1_2_x86_64.whl", hash = "sha256:f7728653900035fb7b8d06e1e5900545d8088efc9d5d4545782da7df03ec803f"},
    {file = "rpds_py-0.29.0.tar.gz", hash = "sha256:fe55fe686908f50154d1dc599232016e50c243b438c3b7432f24e2895b0e5359"},
]

[[package]]
name = "ruff"
version = "0.14.5"
description = "An extremely fast Python linter and code formatter, written in Rust."
optional = false
python-versions = ">=3.7"
groups = ["dev"]
files = [
    {file = "ruff-0.14.5-py3-none-linux_armv6l.whl", hash = "sha256:f3b8248123b586de44a8018bcc9fefe31d23dda57a34e6f0e1e53bd51fd63594"},
    {file = "ruff-0.14.5-py3-none-macosx_10_12_x86_64.whl", hash = "sha256:f7a75236570318c7a30edd7f5491945f0169de738d945ca8784500b517163a72"},
    {file = "ruff-0.14.5-py3-none-macosx_11_0_arm64.whl", hash = "sha256:6d146132d1ee115f8802356a2dc9a634dbf58184c51bff21f313e8cd1c74899a"},
    {file = "ruff-0.14.5-py3-none-manylinux_2_17_aarch64.manylinux2014_aarch64.whl", hash = "sha256:e2380596653dcd20b057794d55681571a257a42327da8894b93bbd6111aa801f"},
    {file = "ruff-0.14.5-py3-none-manylinux_2_17_armv7l.manylinux2014_armv7l.whl", hash = "sha256:2d1fa985a42b1f075a098fa1ab9d472b712bdb17ad87a8ec86e45e7fa6273e68"},
    {file = "ruff-0.14.5-py3-none-manylinux_2_17_i686.manylinux2014_i686.whl", hash = "sha256:88f0770d42b7fa02bbefddde15d235ca3aa24e2f0137388cc15b2dcbb1f7c7a7"},
    {file = "ruff-0.14.5-py3-none-manylinux_2_17_ppc64.manylinux2014_ppc64.whl", hash = "sha256:3676cb02b9061fee7294661071c4709fa21419ea9176087cb77e64410926eb78"},
    {file = "ruff-0.14.5-py3-none-manylinux_2_17_ppc64le.manylinux2014_ppc64le.whl", hash = "sha256:b595bedf6bc9cab647c4a173a61acf4f1ac5f2b545203ba82f30fcb10b0318fb"},
    {file = "ruff-0.14.5-py3-none-manylinux_2_17_s390x.manylinux2014_s390x.whl", hash = "sha256:f55382725ad0bdb2e8ee2babcbbfb16f124f5a59496a2f6a46f1d9d99d93e6e2"},
    {file = "ruff-0.14.5-py3-none-manylinux_2_17_x86_64.manylinux2014_x86_64.whl", hash = "sha256:7497d19dce23976bdaca24345ae131a1d38dcfe1b0850ad8e9e6e4fa321a6e19"},
    {file = "ruff-0.14.5-py3-none-manylinux_2_31_riscv64.whl", hash = "sha256:410e781f1122d6be4f446981dd479470af86537fb0b8857f27a6e872f65a38e4"},
    {file = "ruff-0.14.5-py3-none-musllinux_1_2_aarch64.whl", hash = "sha256:c01be527ef4c91a6d55e53b337bfe2c0f82af024cc1a33c44792d6844e2331e1"},
    {file = "ruff-0.14.5-py3-none-musllinux_1_2_armv7l.whl", hash = "sha256:f66e9bb762e68d66e48550b59c74314168ebb46199886c5c5aa0b0fbcc81b151"},
    {file = "ruff-0.14.5-py3-none-musllinux_1_2_i686.whl", hash = "sha256:d93be8f1fa01022337f1f8f3bcaa7ffee2d0b03f00922c45c2207954f351f465"},
    {file = "ruff-0.14.5-py3-none-musllinux_1_2_x86_64.whl", hash = "sha256:c135d4b681f7401fe0e7312017e41aba9b3160861105726b76cfa14bc25aa367"},
    {file = "ruff-0.14.5-py3-none-win32.whl", hash = "sha256:c83642e6fccfb6dea8b785eb9f456800dcd6a63f362238af5fc0c83d027dd08b"},
    {file = "ruff-0.14.5-py3-none-win_amd64.whl", hash = "sha256:9d55d7af7166f143c94eae1db3312f9ea8f95a4defef1979ed516dbb38c27621"},
    {file = "ruff-0.14.5-py3-none-win_arm64.whl", hash = "sha256:4b700459d4649e2594b31f20a9de33bc7c19976d4746d8d0798ad959621d64a4"},
    {file = "ruff-0.14.5.tar.gz", hash = "sha256:8d3b48d7d8aad423d3137af7ab6c8b1e38e4de104800f0d596990f6ada1a9fc1"},
]

[[package]]
name = "taskipy"
version = "1.14.1"
description = "tasks runner for python projects"
optional = false
python-versions = "<4.0,>=3.6"
groups = ["dev"]
files = [
    {file = "taskipy-1.14.1-py3-none-any.whl", hash = "sha256:6e361520f29a0fd2159848e953599f9c75b1d0b047461e4965069caeb94908f1"},
    {file = "taskipy-1.14.1.tar.gz", hash = "sha256:410fbcf89692dfd4b9f39c2b49e1750b0a7b81affd0e2d7ea8c35f9d6a4774ed"},
]

[package.dependencies]
colorama = ">=0.4.4,<0.5.0"
mslex = {version = ">=1.1.0,<2.0.0", markers = "sys_platform == \"win32\""}
psutil = ">=5.7.2,<7"
tomli = {version = ">=2.0.1,<3.0.0", markers = "python_version >= \"3.7\" and python_version < \"4.0\""}

[[package]]
name = "tomli"
version = "2.3.0"
description = "A lil' TOML parser"
optional = false
python-versions = ">=3.8"
groups = ["dev"]
files = [
    {file = "tomli-2.3.0-cp311-cp311-macosx_10_9_x86_64.whl", hash = "sha256:88bd15eb972f3664f5ed4b57c1634a97153b4bac4479dcb6a495f41921eb7f45"},
    {file = "tomli-2.3.0-cp311-cp311-macosx_11_0_arm64.whl", hash = "sha256:883b1c0d6398a6a9d29b508c331fa56adbcdff647f6ace4dfca0f50e90dfd0ba"},
    {file = "tomli-2.3.0-cp311-cp311-manylinux2014_aarch64.manylinux_2_17_aarch64.manylinux_2_28_aarch64.whl", hash = "sha256:d1381caf13ab9f300e30dd8feadb3de072aeb86f1d34a8569453ff32a7dea4bf"},
    {file = "tomli-2.3.0-cp311-cp311-manylinux2014_x86_64.manylinux_2_17_x86_64.manylinux_2_28_x86_64.whl", hash = "sha256:a0e285d2649b78c0d9027570d4da3425bdb49830a6156121360b3f8511ea3441"},
    {file = "tomli-2.3.0-cp311-cp311-musllinux_1_2_aarch64.whl", hash = "sha256:0a154a9ae14bfcf5d8917a59b51ffd5a3ac1fd149b71b47a3a104ca4edcfa845"},
    {file = "tomli-2.3.0-cp311-cp311-musllinux_1_2_x86_64.whl", hash = "sha256:74bf8464ff93e413514fefd2be591c3b0b23231a77f901db1eb30d6f712fc42c"},
    {file = "tomli-2.3.0-cp311-cp311-win32.whl", hash = "sha256:00b5f5d95bbfc7d12f91ad8c593a1659b6387b43f054104cda404be6bda62456"},
    {file = "tomli-2.3.0-cp311-cp311-win_amd64.whl", hash = "sha256:4dc4ce8483a5d429ab602f111a93a6ab1ed425eae3122032db7e9acf449451be"},
    {file = "tomli-2.3.0-cp312-cp312-macosx_10_13_x86_64.whl", hash = "sha256:d7d86942e56ded512a594786a5ba0a5e521d02529b3826e7761a05138341a2ac"},
    {file = "tomli-2.3.0-cp312-cp312-macosx_11_0_arm64.whl", hash = "sha256:73ee0b47d4dad1c5e996e3cd33b8a76a50167ae5f96a2607cbe8cc773506ab22"},
    {file = "tomli-2.3.0-cp312-cp312-manylinux2014_aarch64.manylinux_2_17_aarch64.manylinux_2_28_aarch64.whl", hash = "sha256:792262b94d5d0a466afb5bc63c7daa9d75520110971ee269152083270998316f"},
    {file = "tomli-2.3.0-cp312-cp312-manylinux2014_x86_64.manylinux_2_17_x86_64.manylinux_2_28_x86_64.whl", hash = "sha256:4f195fe57ecceac95a66a75ac24d9d5fbc98ef0962e09b2eddec5d39375aae52"},
    {file = "tomli-2.3.0-cp312-cp312-musllinux_1_2_aarch64.whl", hash = "sha256:e31d432427dcbf4d86958c184b9bfd1e96b5b71f8eb17e6d02531f434fd335b8"},
    {file = "tomli-2.3.0-cp312-cp312-musllinux_1_2_x86_64.whl", hash = "sha256:7b0882799624980785240ab732537fcfc372601015c00f7fc367c55308c186f6"},
    {file = "tomli-2.3.0-cp312-cp312-win32.whl", hash = "sha256:ff72b71b5d10d22ecb084d345fc26f42b5143c5533db5e2eaba7d2d335358876"},
    {file = "tomli-2.3.0-cp312-cp312-win_amd64.whl", hash = "sha256:1cb4ed918939151a03f33d4242ccd0aa5f11b3547d0cf30f7c74a408a5b99878"},
    {file = "tomli-2.3.0-cp313-cp313-macosx_10_13_x86_64.whl", hash = "sha256:5192f562738228945d7b13d4930baffda67b69425a7f0da96d360b0a3888136b"},
    {file = "tomli-2.3.0-cp313-cp313-macosx_11_0_arm64.whl", hash = "sha256:be71c93a63d738597996be9528f4abe628d1adf5e6eb11607bc8fe1a510b5dae"},
    {file = "tomli-2.3.0-cp313-cp313-manylinux2014_aarch64.manylinux_2_17_aarch64.manylinux_2_28_aarch64.whl", hash = "sha256:c4665508bcbac83a31ff8ab08f424b665200c0e1e645d2bd9ab3d3e557b6185b"},
    {file = "tomli-2.3.0-cp313-cp313-manylinux2014_x86_64.manylinux_2_17_x86_64.manylinux_2_28_x86_64.whl", hash = "sha256:4021923f97266babc6ccab9f5068642a0095faa0a51a246a6a02fccbb3514eaf"},
    {file = "tomli-2.3.0-cp313-cp313-musllinux_1_2_aarch64.whl", hash = "sha256:a4ea38c40145a357d513bffad0ed869f13c1773716cf71ccaa83b0fa0cc4e42f"},
    {file = "tomli-2.3.0-cp313-cp313-musllinux_1_2_x86_64.whl", hash = "sha256:ad805ea85eda330dbad64c7ea7a4556259665bdf9d2672f5dccc740eb9d3ca05"},
    {file = "tomli-2.3.0-cp313-cp313-win32.whl", hash = "sha256:97d5eec30149fd3294270e889b4234023f2c69747e555a27bd708828353ab606"},
    {file = "tomli-2.3.0-cp313-cp313-win_amd64.whl", hash = "sha256:0c95ca56fbe89e065c6ead5b593ee64b84a26fca063b5d71a1122bf26e533999"},
    {file = "tomli-2.3.0-cp314-cp314-macosx_10_13_x86_64.whl", hash = "sha256:cebc6fe843e0733ee827a282aca4999b596241195f43b4cc371d64fc6639da9e"},
    {file = "tomli-2.3.0-cp314-cp314-macosx_11_0_arm64.whl", hash = "sha256:4c2ef0244c75aba9355561272009d934953817c49f47d768070c3c94355c2aa3"},
    {file = "tomli-2.3.0-cp314-cp314-manylinux2014_aarch64.manylinux_2_17_aarch64.manylinux_2_28_aarch64.whl", hash = "sha256:c22a8bf253bacc0cf11f35ad9808b6cb75ada2631c2d97c971122583b129afbc"},
    {file = "tomli-2.3.0-cp314-cp314-manylinux2014_x86_64.manylinux_2_17_x86_64.manylinux_2_28_x86_64.whl", hash = "sha256:0eea8cc5c5e9f89c9b90c4896a8deefc74f518db5927d0e0e8d4a80953d774d0"},
    {file = "tomli-2.3.0-cp314-cp314-musllinux_1_2_aarch64.whl", hash = "sha256:b74a0e59ec5d15127acdabd75ea17726ac4c5178ae51b85bfe39c4f8a278e879"},
    {file = "tomli-2.3.0-cp314-cp314-musllinux_1_2_x86_64.whl", hash = "sha256:b5870b50c9db823c595983571d1296a6ff3e1b88f734a4c8f6fc6188397de005"},
    {file = "tomli-2.3.0-cp314-cp314-win32.whl", hash = "sha256:feb0dacc61170ed7ab602d3d972a58f14ee3ee60494292d384649a3dc38ef463"},
    {file = "tomli-2.3.0-cp314-cp314-win_amd64.whl", hash = "sha256:b273fcbd7fc64dc3600c098e39136522650c49bca95df2d11cf3b626422392c8"},
    {file = "tomli-2.3.0-cp314-cp314t-macosx_10_13_x86_64.whl", hash = "sha256:940d56ee0410fa17ee1f12b817b37a4d4e4dc4d27340863cc67236c74f582e77"},
    {file = "tomli-2.3.0-cp314-cp314t-macosx_11_0_arm64.whl", hash = "sha256:f85209946d1fe94416debbb88d00eb92ce9cd5266775424ff81bc959e001acaf"},
    {file = "tomli-2.3.0-cp314-cp314t-manylinux2014_aarch64.manylinux_2_17_aarch64.manylinux_2_28_aarch64.whl", hash = "sha256:a56212bdcce682e56b0aaf79e869ba5d15a6163f88d5451cbde388d48b13f530"},
    {file = "tomli-2.3.0-cp314-cp314t-manylinux2014_x86_64.manylinux_2_17_x86_64.manylinux_2_28_x86_64.whl", hash = "sha256:c5f3ffd1e098dfc032d4d3af5c0ac64f6d286d98bc148698356847b80fa4de1b"},
    {file = "tomli-2.3.0-cp314-cp314t-musllinux_1_2_aarch64.whl", hash = "sha256:5e01decd096b1530d97d5d85cb4dff4af2d8347bd35686654a004f8dea20fc67"},
    {file = "tomli-2.3.0-cp314-cp314t-musllinux_1_2_x86_64.whl", hash = "sha256:8a35dd0e643bb2610f156cca8db95d213a90015c11fee76c946aa62b7ae7e02f"},
    {file = "tomli-2.3.0-cp314-cp314t-win32.whl", hash = "sha256:a1f7f282fe248311650081faafa5f4732bdbfef5d45fe3f2e702fbc6f2d496e0"},
    {file = "tomli-2.3.0-cp314-cp314t-win_amd64.whl", hash = "sha256:70a251f8d4ba2d9ac2542eecf008b3c8a9fc5c3f9f02c56a9d7952612be2fdba"},
    {file = "tomli-2.3.0-py3-none-any.whl", hash = "sha256:e95b1af3c5b07d9e643909b5abbec77cd9f1217e6d0bca72b0234736b9fb1f1b"},
    {file = "tomli-2.3.0.tar.gz", hash = "sha256:64be704a875d2a59753d80ee8a533c3fe183e3f06807ff7dc2232938ccb01549"},
]

[[package]]
name = "typing-extensions"
version = "4.15.0"
description = "Backported and Experimental Type Hints for Python 3.9+"
optional = false
python-versions = ">=3.9"
groups = ["main"]
markers = "python_version == \"3.12\""
files = [
    {file = "typing_extensions-4.15.0-py3-none-any.whl", hash = "sha256:f0fa19c6845758ab08074a0cfa8b7aecb71c999ca73d62883bc25cc018c4e548"},
    {file = "typing_extensions-4.15.0.tar.gz", hash = "sha256:0cea48d173cc12fa28ecabc3b837ea3cf6f38c6d1136f85cbaaf598984861466"},
]

[[package]]
name = "websockets"
version = "15.0.1"
description = "An implementation of the WebSocket Protocol (RFC 6455 & 7692)"
optional = false
python-versions = ">=3.9"
groups = ["main"]
files = [
    {file = "websockets-15.0.1-cp310-cp310-macosx_10_9_universal2.whl", hash = "sha256:d63efaa0cd96cf0c5fe4d581521d9fa87744540d4bc999ae6e08595a1014b45b"},
    {file = "websockets-15.0.1-cp310-cp310-macosx_10_9_x86_64.whl", hash = "sha256:ac60e3b188ec7574cb761b08d50fcedf9d77f1530352db4eef1707fe9dee7205"},
    {file = "websockets-15.0.1-cp310-cp310-macosx_11_0_arm64.whl", hash = "sha256:5756779642579d902eed757b21b0164cd6fe338506a8083eb58af5c372e39d9a"},
    {file = "websockets-15.0.1-cp310-cp310-manylinux_2_17_aarch64.manylinux2014_aarch64.whl", hash = "sha256:0fdfe3e2a29e4db3659dbd5bbf04560cea53dd9610273917799f1cde46aa725e"},
    {file = "websockets-15.0.1-cp310-cp310-manylinux_2_5_i686.manylinux1_i686.manylinux_2_17_i686.manylinux2014_i686.whl", hash = "sha256:4c2529b320eb9e35af0fa3016c187dffb84a3ecc572bcee7c3ce302bfeba52bf"},
    {file = "websockets-15.0.1-cp310-cp310-manylinux_2_5_x86_64.manylinux1_x86_64.manylinux_2_17_x86_64.manylinux2014_x86_64.whl", hash = "sha256:ac1e5c9054fe23226fb11e05a6e630837f074174c4c2f0fe442996112a6de4fb"},
    {file = "websockets-15.0.1-cp310-cp310-musllinux_1_2_aarch64.whl", hash = "sha256:5df592cd503496351d6dc14f7cdad49f268d8e618f80dce0cd5a36b93c3fc08d"},
    {file = "websockets-15.0.1-cp310-cp310-musllinux_1_2_i686.whl", hash = "sha256:0a34631031a8f05657e8e90903e656959234f3a04552259458aac0b0f9ae6fd9"},
    {file = "websockets-15.0.1-cp310-cp310-musllinux_1_2_x86_64.whl", hash = "sha256:3d00075aa65772e7ce9e990cab3ff1de702aa09be3940d1dc88d5abf1ab8a09c"},
    {file = "websockets-15.0.1-cp310-cp310-win32.whl", hash = "sha256:1234d4ef35db82f5446dca8e35a7da7964d02c127b095e172e54397fb6a6c256"},
    {file = "websockets-15.0.1-cp310-cp310-win_amd64.whl", hash = "sha256:39c1fec2c11dc8d89bba6b2bf1556af381611a173ac2b511cf7231622058af41"},
    {file = "websockets-15.0.1-cp311-cp311-macosx_10_9_universal2.whl", hash = "sha256:823c248b690b2fd9303ba00c4f66cd5e2d8c3ba4aa968b2779be9532a4dad431"},
    {file = "websockets-15.0.1-cp311-cp311-macosx_10_9_x86_64.whl", hash = "sha256:678999709e68425ae2593acf2e3ebcbcf2e69885a5ee78f9eb80e6e371f1bf57"},
    {file = "websockets-15.0.1-cp311-cp311-macosx_11_0_arm64.whl", hash = "sha256:d50fd1ee42388dcfb2b3676132c78116490976f1300da28eb629272d5d93e905"},
    {file = "websockets-15.0.1-cp311-cp311-manylinux_2_17_aarch64.manylinux2014_aarch64.whl", hash = "sha256:d99e5546bf73dbad5bf3547174cd6cb8ba7273062a23808ffea025ecb1cf8562"},
    {file = "websockets-15.0.1-cp311-cp311-manylinux_2_5_i686.manylinux1_i686.manylinux_2_17_i686.manylinux2014_i686.whl", hash = "sha256:66dd88c918e3287efc22409d426c8f729688d89a0c587c88971a0faa2c2f3792"},
    {file = "websockets-15.0.1-cp311-cp311-manylinux_2_5_x86_64.manylinux1_x86_64.manylinux_2_17_x86_64.manylinux2014_x86_64.whl", hash = "sha256:8dd8327c795b3e3f219760fa603dcae1dcc148172290a8ab15158cf85a953413"},
    {file = "websockets-15.0.1-cp311-cp311-musllinux_1_2_aarch64.whl", hash = "sha256:8fdc51055e6ff4adeb88d58a11042ec9a5eae317a0a53d12c062c8a8865909e8"},
    {file = "websockets-15.0.1-cp311-cp311-musllinux_1_2_i686.whl", hash = "sha256:693f0192126df6c2327cce3baa7c06f2a117575e32ab2308f7f8216c29d9e2e3"},
    {file = "websockets-15.0.1-cp311-cp311-musllinux_1_2_x86_64.whl", hash = "sha256:54479983bd5fb469c38f2f5c7e3a24f9a4e70594cd68cd1fa6b9340dadaff7cf"},
    {file = "websockets-15.0.1-cp311-cp311-win32.whl", hash = "sha256:16b6c1b3e57799b9d38427dda63edcbe4926352c47cf88588c0be4ace18dac85"},
    {file = "websockets-15.0.1-cp311-cp311-win_amd64.whl", hash = "sha256:27ccee0071a0e75d22cb35849b1db43f2ecd3e161041ac1ee9d2352ddf72f065"},
    {file = "websockets-15.0.1-cp312-cp312-macosx_10_13_universal2.whl", hash = "sha256:3e90baa811a5d73f3ca0bcbf32064d663ed81318ab225ee4f427ad4e26e5aff3"},
    {file = "websockets-15.0.1-cp312-cp312-macosx_10_13_x86_64.whl", hash = "sha256:592f1a9fe869c778694f0aa806ba0374e97648ab57936f092fd9d87f8bc03665"},
    {file = "websockets-15.0.1-cp312-cp312-macosx_11_0_arm64.whl", hash = "sha256:0701bc3cfcb9164d04a14b149fd74be7347a530ad3bbf15ab2c678a2cd3dd9a2"},
    {file = "websockets-15.0.1-cp312-cp312-manylinux_2_17_aarch64.manylinux2014_aarch64.whl", hash = "sha256:e8b56bdcdb4505c8078cb6c7157d9811a85790f2f2b3632c7d1462ab5783d215"},
    {file = "websockets-15.0.1-cp312-cp312-manylinux_2_5_i686.manylinux1_i686.manylinux_2_17_i686.manylinux2014_i686.whl", hash = "sha256:0af68c55afbd5f07986df82831c7bff04846928ea8d1fd7f30052638788bc9b5"},
    {file = "websockets-15.0.1-cp312-cp312-manylinux_2_5_x86_64.manylinux1_x86_64.manylinux_2_17_x86_64.manylinux2014_x86_64.whl", hash = "sha256:64dee438fed052b52e4f98f76c5790513235efaa1ef7f3f2192c392cd7c91b65"},
    {file = "websockets-15.0.1-cp312-cp312-musllinux_1_2_aarch64.whl", hash = "sha256:d5f6b181bb38171a8ad1d6aa58a67a6aa9d4b38d0f8c5f496b9e42561dfc62fe"},
    {file = "websockets-15.0.1-cp312-cp312-musllinux_1_2_i686.whl", hash = "sha256:5d54b09eba2bada6011aea5375542a157637b91029687eb4fdb2dab11059c1b4"},
    {file = "websockets-15.0.1-cp312-cp312-musllinux_1_2_x86_64.whl", hash = "sha256:3be571a8b5afed347da347bfcf27ba12b069d9d7f42cb8c7028b5e98bbb12597"},
    {file = "websockets-15.0.1-cp312-cp312-win32.whl", hash = "sha256:c338ffa0520bdb12fbc527265235639fb76e7bc7faafbb93f6ba80d9c06578a9"},
    {file = "websockets-15.0.1-cp312-cp312-win_amd64.whl", hash = "sha256:fcd5cf9e305d7b8338754470cf69cf81f420459dbae8a3b40cee57417f4614a7"},
    {file = "websockets-15.0.1-cp313-cp313-macosx_10_13_universal2.whl", hash = "sha256:ee443ef070bb3b6ed74514f5efaa37a252af57c90eb33b956d35c8e9c10a1931"},
    {file = "websockets-15.0.1-cp313-cp313-macosx_10_13_x86_64.whl", hash = "sha256:5a939de6b7b4e18ca683218320fc67ea886038265fd1ed30173f5ce3f8e85675"},
    {file = "websockets-15.0.1-cp313-cp313-macosx_11_0_arm64.whl", hash = "sha256:746ee8dba912cd6fc889a8147168991d50ed70447bf18bcda7039f7d2e3d9151"},
    {file = "websockets-15.0.1-cp313-cp313-manylinux_2_17_aarch64.manylinux2014_aarch64.whl", hash = "sha256:595b6c3969023ecf9041b2936ac3827e4623bfa3ccf007575f04c5a6aa318c22"},
    {file = "websockets-15.0.1-cp313-cp313-manylinux_2_5_i686.manylinux1_i686.manylinux_2_17_i686.manylinux2014_i686.whl", hash = "sha256:3c714d2fc58b5ca3e285461a4cc0c9a66bd0e24c5da9911e30158286c9b5be7f"},
    {file = "websockets-15.0.1-cp313-cp313-manylinux_2_5_x86_64.manylinux1_x86_64.manylinux_2_17_x86_64.manylinux2014_x86_64.whl", hash = "sha256:0f3c1e2ab208db911594ae5b4f79addeb3501604a165019dd221c0bdcabe4db8"},
    {file = "websockets-15.0.1-cp313-cp313-musllinux_1_2_aarch64.whl", hash = "sha256:229cf1d3ca6c1804400b0a9790dc66528e08a6a1feec0d5040e8b9eb14422375"},
    {file = "websockets-15.0.1-cp313-cp313-musllinux_1_2_i686.whl", hash = "sha256:756c56e867a90fb00177d530dca4b097dd753cde348448a1012ed6c5131f8b7d"},
    {file = "websockets-15.0.1-cp313-cp313-musllinux_1_2_x86_64.whl", hash = "sha256:558d023b3df0bffe50a04e710bc87742de35060580a293c2a984299ed83bc4e4"},
    {file = "websockets-15.0.1-cp313-cp313-win32.whl", hash = "sha256:ba9e56e8ceeeedb2e080147ba85ffcd5cd0711b89576b83784d8605a7df455fa"},
    {file = "websockets-15.0.1-cp313-cp313-win_amd64.whl", hash = "sha256:e09473f095a819042ecb2ab9465aee615bd9c2028e4ef7d933600a8401c79561"},
    {file = "websockets-15.0.1-cp39-cp39-macosx_10_9_universal2.whl", hash = "sha256:5f4c04ead5aed67c8a1a20491d54cdfba5884507a48dd798ecaf13c74c4489f5"},
    {file = "websockets-15.0.1-cp39-cp39-macosx_10_9_x86_64.whl", hash = "sha256:abdc0c6c8c648b4805c5eacd131910d2a7f6455dfd3becab248ef108e89ab16a"},
    {file = "websockets-15.0.1-cp39-cp39-macosx_11_0_arm64.whl", hash = "sha256:a625e06551975f4b7ea7102bc43895b90742746797e2e14b70ed61c43a90f09b"},
    {file = "websockets-15.0.1-cp39-cp39-manylinux_2_17_aarch64.manylinux2014_aarch64.whl", hash = "sha256:d591f8de75824cbb7acad4e05d2d710484f15f29d4a915092675ad3456f11770"},
    {file = "websockets-15.0.1-cp39-cp39-manylinux_2_5_i686.manylinux1_i686.manylinux_2_17_i686.manylinux2014_i686.whl", hash = "sha256:47819cea040f31d670cc8d324bb6435c6f133b8c7a19ec3d61634e62f8d8f9eb"},
    {file = "websockets-15.0.1-cp39-cp39-manylinux_2_5_x86_64.manylinux1_x86_64.manylinux_2_17_x86_64.manylinux2014_x86_64.whl", hash = "sha256:ac017dd64572e5c3bd01939121e4d16cf30e5d7e110a119399cf3133b63ad054"},
    {file = "websockets-15.0.1-cp39-cp39-musllinux_1_2_aarch64.whl", hash = "sha256:4a9fac8e469d04ce6c25bb2610dc535235bd4aa14996b4e6dbebf5e007eba5ee"},
    {file = "websockets-15.0.1-cp39-cp39-musllinux_1_2_i686.whl", hash = "sha256:363c6f671b761efcb30608d24925a382497c12c506b51661883c3e22337265ed"},
    {file = "websockets-15.0.1-cp39-cp39-musllinux_1_2_x86_64.whl", hash = "sha256:2034693ad3097d5355bfdacfffcbd3ef5694f9718ab7f29c29689a9eae841880"},
    {file = "websockets-15.0.1-cp39-cp39-win32.whl", hash = "sha256:3b1ac0d3e594bf121308112697cf4b32be538fb1444468fb0a6ae4feebc83411"},
    {file = "websockets-15.0.1-cp39-cp39-win_amd64.whl", hash = "sha256:b7643a03db5c95c799b89b31c036d5f27eeb4d259c798e878d6937d71832b1e4"},
    {file = "websockets-15.0.1-pp310-pypy310_pp73-macosx_10_15_x86_64.whl", hash = "sha256:0c9e74d766f2818bb95f84c25be4dea09841ac0f734d1966f415e4edfc4ef1c3"},
    {file = "websockets-15.0.1-pp310-pypy310_pp73-macosx_11_0_arm64.whl", hash = "sha256:1009ee0c7739c08a0cd59de430d6de452a55e42d6b522de7aa15e6f67db0b8e1"},
    {file = "websockets-15.0.1-pp310-pypy310_pp73-manylinux_2_17_aarch64.manylinux2014_aarch64.whl", hash = "sha256:76d1f20b1c7a2fa82367e04982e708723ba0e7b8d43aa643d3dcd404d74f1475"},
    {file = "websockets-15.0.1-pp310-pypy310_pp73-manylinux_2_5_i686.manylinux1_i686.manylinux_2_17_i686.manylinux2014_i686.whl", hash = "sha256:f29d80eb9a9263b8d109135351caf568cc3f80b9928bccde535c235de55c22d9"},
    {file = "websockets-15.0.1-pp310-pypy310_pp73-manylinux_2_5_x86_64.manylinux1_x86_64.manylinux_2_17_x86_64.manylinux2014_x86_64.whl", hash = "sha256:b359ed09954d7c18bbc1680f380c7301f92c60bf924171629c5db97febb12f04"},
    {file = "websockets-15.0.1-pp310-pypy310_pp73-win_amd64.whl", hash = "sha256:cad21560da69f4ce7658ca2cb83138fb4cf695a2ba3e475e0559e05991aa8122"},
    {file = "websockets-15.0.1-pp39-pypy39_pp73-macosx_10_15_x86_64.whl", hash = "sha256:7f493881579c90fc262d9cdbaa05a6b54b3811c2f300766748db79f098db9940"},
    {file = "websockets-15.0.1-pp39-pypy39_pp73-macosx_11_0_arm64.whl", hash = "sha256:47b099e1f4fbc95b701b6e85768e1fcdaf1630f3cbe4765fa216596f12310e2e"},
    {file = "websockets-15.0.1-pp39-pypy39_pp73-manylinux_2_17_aarch64.manylinux2014_aarch64.whl", hash = "sha256:67f2b6de947f8c757db2db9c71527933ad0019737ec374a8a6be9a956786aaf9"},
    {file = "websockets-15.0.1-pp39-pypy39_pp73-manylinux_2_5_i686.manylinux1_i686.manylinux_2_17_i686.manylinux2014_i686.whl", hash = "sha256:d08eb4c2b7d6c41da6ca0600c077e93f5adcfd979cd777d747e9ee624556da4b"},
    {file = "websockets-15.0.1-pp39-pypy39_pp73-manylinux_2_5_x86_64.manylinux1_x86_64.manylinux_2_17_x86_64.manylinux2014_x86_64.whl", hash = "sha256:4b826973a4a2ae47ba357e4e82fa44a463b8f168e1ca775ac64521442b19e87f"},
    {file = "websockets-15.0.1-pp39-pypy39_pp73-win_amd64.whl", hash = "sha256:21c1fa28a6a7e3cbdc171c694398b6df4744613ce9b36b1a498e816787e28123"},
    {file = "websockets-15.0.1-py3-none-any.whl", hash = "sha256:f7a866fbc1e97b5c617ee4116daaa09b722101d4a3c170c787450ba409f9736f"},
    {file = "websockets-15.0.1.tar.gz", hash = "sha256:82544de02076bafba038ce055ee6412d68da13ab47f0c60cab827346de828dee"},
]

[metadata]
lock-version = "2.1"
python-versions = "^3.12"
content-hash = "1b380491fa976e24a63398244981721853362f03bc5bc53fd5daf7220a8596dc"
