# This file is automatically @generated by Poetry 2.1.1 and should not be changed by hand.

[[package]]
name = "attrs"
version = "25.3.0"
description = "Classes Without Boilerplate"
optional = false
python-versions = ">=3.8"
groups = ["main"]
files = [
    {file = "attrs-25.3.0-py3-none-any.whl", hash = "sha256:427318ce031701fea540783410126f03899a97ffc6f61596ad581ac2e40e3bc3"},
    {file = "attrs-25.3.0.tar.gz", hash = "sha256:75d7cefc7fb576747b2c81b4442d4d4a1ce0900973527c011d1030fd3bf4af1b"},
]

[package.extras]
benchmark = ["cloudpickle ; platform_python_implementation == \"CPython\"", "hypothesis", "mypy (>=1.11.1) ; platform_python_implementation == \"CPython\" and python_version >= \"3.10\"", "pympler", "pytest (>=4.3.0)", "pytest-codspeed", "pytest-mypy-plugins ; platform_python_implementation == \"CPython\" and python_version >= \"3.10\"", "pytest-xdist[psutil]"]
cov = ["cloudpickle ; platform_python_implementation == \"CPython\"", "coverage[toml] (>=5.3)", "hypothesis", "mypy (>=1.11.1) ; platform_python_implementation == \"CPython\" and python_version >= \"3.10\"", "pympler", "pytest (>=4.3.0)", "pytest-mypy-plugins ; platform_python_implementation == \"CPython\" and python_version >= \"3.10\"", "pytest-xdist[psutil]"]
dev = ["cloudpickle ; platform_python_implementation == \"CPython\"", "hypothesis", "mypy (>=1.11.1) ; platform_python_implementation == \"CPython\" and python_version >= \"3.10\"", "pre-commit-uv", "pympler", "pytest (>=4.3.0)", "pytest-mypy-plugins ; platform_python_implementation == \"CPython\" and python_version >= \"3.10\"", "pytest-xdist[psutil]"]
docs = ["cogapp", "furo", "myst-parser", "sphinx", "sphinx-notfound-page", "sphinxcontrib-towncrier", "towncrier"]
tests = ["cloudpickle ; platform_python_implementation == \"CPython\"", "hypothesis", "mypy (>=1.11.1) ; platform_python_implementation == \"CPython\" and python_version >= \"3.10\"", "pympler", "pytest (>=4.3.0)", "pytest-mypy-plugins ; platform_python_implementation == \"CPython\" and python_version >= \"3.10\"", "pytest-xdist[psutil]"]
tests-mypy = ["mypy (>=1.11.1) ; platform_python_implementation == \"CPython\" and python_version >= \"3.10\"", "pytest-mypy-plugins ; platform_python_implementation == \"CPython\" and python_version >= \"3.10\""]

[[package]]
name = "colorama"
version = "0.4.6"
description = "Cross-platform colored terminal text."
optional = false
python-versions = "!=3.0.*,!=3.1.*,!=3.2.*,!=3.3.*,!=3.4.*,!=3.5.*,!=3.6.*,>=2.7"
groups = ["dev"]
files = [
    {file = "colorama-0.4.6-py2.py3-none-any.whl", hash = "sha256:4f1d9991f5acc0ca119f9d443620b77f9d6b33703e51011c16baf57afb285fc6"},
    {file = "colorama-0.4.6.tar.gz", hash = "sha256:08695f5cb7ed6e0531a20572697297273c47b8cae5a63ffc6d6ed5c201be6e44"},
]

[[package]]
name = "jsonschema"
version = "4.23.0"
description = "An implementation of JSON Schema validation for Python"
optional = false
python-versions = ">=3.8"
groups = ["main"]
files = [
    {file = "jsonschema-4.23.0-py3-none-any.whl", hash = "sha256:fbadb6f8b144a8f8cf9f0b89ba94501d143e50411a1278633f56a7acf7fd5566"},
    {file = "jsonschema-4.23.0.tar.gz", hash = "sha256:d71497fef26351a33265337fa77ffeb82423f3ea21283cd9467bb03999266bc4"},
]

[package.dependencies]
attrs = ">=22.2.0"
jsonschema-specifications = ">=2023.03.6"
referencing = ">=0.28.4"
rpds-py = ">=0.7.1"

[package.extras]
format = ["fqdn", "idna", "isoduration", "jsonpointer (>1.13)", "rfc3339-validator", "rfc3987", "uri-template", "webcolors (>=1.11)"]
format-nongpl = ["fqdn", "idna", "isoduration", "jsonpointer (>1.13)", "rfc3339-validator", "rfc3986-validator (>0.1.0)", "uri-template", "webcolors (>=24.6.0)"]

[[package]]
name = "jsonschema-specifications"
version = "2024.10.1"
description = "The JSON Schema meta-schemas and vocabularies, exposed as a Registry"
optional = false
python-versions = ">=3.9"
groups = ["main"]
files = [
    {file = "jsonschema_specifications-2024.10.1-py3-none-any.whl", hash = "sha256:a09a0680616357d9a0ecf05c12ad234479f549239d0f5b55f3deea67475da9bf"},
    {file = "jsonschema_specifications-2024.10.1.tar.gz", hash = "sha256:0f38b83639958ce1152d02a7f062902c41c8fd20d558b0c34344292d417ae272"},
]

[package.dependencies]
referencing = ">=0.31.0"

[[package]]
name = "mslex"
version = "1.3.0"
description = "shlex for windows"
optional = false
python-versions = ">=3.5"
groups = ["dev"]
markers = "sys_platform == \"win32\""
files = [
    {file = "mslex-1.3.0-py3-none-any.whl", hash = "sha256:c7074b347201b3466fc077c5692fbce9b5f62a63a51f537a53fbbd02eff2eea4"},
    {file = "mslex-1.3.0.tar.gz", hash = "sha256:641c887d1d3db610eee2af37a8e5abda3f70b3006cdfd2d0d29dc0d1ae28a85d"},
]

[[package]]
name = "ocpp"
version = "2.0.0"
description = "Python package implementing the JSON version of the Open Charge Point Protocol (OCPP)."
optional = false
python-versions = "<4.0,>=3.8"
groups = ["main"]
files = [
    {file = "ocpp-2.0.0-py3-none-any.whl", hash = "sha256:45ea3f35cb0afd7a0acbc1cdf2cfd107caf371c24aca7e7a03491405bf39e626"},
    {file = "ocpp-2.0.0.tar.gz", hash = "sha256:bbc203ae5edeb7baf43a9a24b73c6a7473179197437fb39c641f0d93afce5dc0"},
]

[package.dependencies]
jsonschema = ">=4.4.0,<5.0.0"

[[package]]
name = "psutil"
version = "6.1.1"
description = "Cross-platform lib for process and system monitoring in Python."
optional = false
python-versions = "!=3.0.*,!=3.1.*,!=3.2.*,!=3.3.*,!=3.4.*,!=3.5.*,>=2.7"
groups = ["dev"]
files = [
    {file = "psutil-6.1.1-cp27-cp27m-macosx_10_9_x86_64.whl", hash = "sha256:9ccc4316f24409159897799b83004cb1e24f9819b0dcf9c0b68bdcb6cefee6a8"},
    {file = "psutil-6.1.1-cp27-cp27m-manylinux2010_i686.whl", hash = "sha256:ca9609c77ea3b8481ab005da74ed894035936223422dc591d6772b147421f777"},
    {file = "psutil-6.1.1-cp27-cp27m-manylinux2010_x86_64.whl", hash = "sha256:8df0178ba8a9e5bc84fed9cfa61d54601b371fbec5c8eebad27575f1e105c0d4"},
    {file = "psutil-6.1.1-cp27-cp27mu-manylinux2010_i686.whl", hash = "sha256:1924e659d6c19c647e763e78670a05dbb7feaf44a0e9c94bf9e14dfc6ba50468"},
    {file = "psutil-6.1.1-cp27-cp27mu-manylinux2010_x86_64.whl", hash = "sha256:018aeae2af92d943fdf1da6b58665124897cfc94faa2ca92098838f83e1b1bca"},
    {file = "psutil-6.1.1-cp27-none-win32.whl", hash = "sha256:6d4281f5bbca041e2292be3380ec56a9413b790579b8e593b1784499d0005dac"},
    {file = "psutil-6.1.1-cp27-none-win_amd64.whl", hash = "sha256:c777eb75bb33c47377c9af68f30e9f11bc78e0f07fbf907be4a5d70b2fe5f030"},
    {file = "psutil-6.1.1-cp36-abi3-macosx_10_9_x86_64.whl", hash = "sha256:fc0ed7fe2231a444fc219b9c42d0376e0a9a1a72f16c5cfa0f68d19f1a0663e8"},
    {file = "psutil-6.1.1-cp36-abi3-macosx_11_0_arm64.whl", hash = "sha256:0bdd4eab935276290ad3cb718e9809412895ca6b5b334f5a9111ee6d9aff9377"},
    {file = "psutil-6.1.1-cp36-abi3-manylinux_2_12_i686.manylinux2010_i686.manylinux_2_17_i686.manylinux2014_i686.whl", hash = "sha256:b6e06c20c05fe95a3d7302d74e7097756d4ba1247975ad6905441ae1b5b66003"},
    {file = "psutil-6.1.1-cp36-abi3-manylinux_2_12_x86_64.manylinux2010_x86_64.manylinux_2_17_x86_64.manylinux2014_x86_64.whl", hash = "sha256:97f7cb9921fbec4904f522d972f0c0e1f4fabbdd4e0287813b21215074a0f160"},
    {file = "psutil-6.1.1-cp36-abi3-manylinux_2_17_aarch64.manylinux2014_aarch64.whl", hash = "sha256:33431e84fee02bc84ea36d9e2c4a6d395d479c9dd9bba2376c1f6ee8f3a4e0b3"},
    {file = "psutil-6.1.1-cp36-cp36m-win32.whl", hash = "sha256:384636b1a64b47814437d1173be1427a7c83681b17a450bfc309a1953e329603"},
    {file = "psutil-6.1.1-cp36-cp36m-win_amd64.whl", hash = "sha256:8be07491f6ebe1a693f17d4f11e69d0dc1811fa082736500f649f79df7735303"},
    {file = "psutil-6.1.1-cp37-abi3-win32.whl", hash = "sha256:eaa912e0b11848c4d9279a93d7e2783df352b082f40111e078388701fd479e53"},
    {file = "psutil-6.1.1-cp37-abi3-win_amd64.whl", hash = "sha256:f35cfccb065fff93529d2afb4a2e89e363fe63ca1e4a5da22b603a85833c2649"},
    {file = "psutil-6.1.1.tar.gz", hash = "sha256:cf8496728c18f2d0b45198f06895be52f36611711746b7f30c464b422b50e2f5"},
]

[package.extras]
dev = ["abi3audit", "black", "check-manifest", "coverage", "packaging", "pylint", "pyperf", "pypinfo", "pytest-cov", "requests", "rstcheck", "ruff", "sphinx", "sphinx_rtd_theme", "toml-sort", "twine", "virtualenv", "vulture", "wheel"]
test = ["pytest", "pytest-xdist", "setuptools"]

[[package]]
name = "referencing"
version = "0.36.2"
description = "JSON Referencing + Python"
optional = false
python-versions = ">=3.9"
groups = ["main"]
files = [
    {file = "referencing-0.36.2-py3-none-any.whl", hash = "sha256:e8699adbbf8b5c7de96d8ffa0eb5c158b3beafce084968e2ea8bb08c6794dcd0"},
    {file = "referencing-0.36.2.tar.gz", hash = "sha256:df2e89862cd09deabbdba16944cc3f10feb6b3e6f18e902f7cc25609a34775aa"},
]

[package.dependencies]
attrs = ">=22.2.0"
rpds-py = ">=0.7.0"
typing-extensions = {version = ">=4.4.0", markers = "python_version < \"3.13\""}

[[package]]
name = "rpds-py"
version = "0.24.0"
description = "Python bindings to Rust's persistent data structures (rpds)"
optional = false
python-versions = ">=3.9"
groups = ["main"]
files = [
    {file = "rpds_py-0.24.0-cp310-cp310-macosx_10_12_x86_64.whl", hash = "sha256:006f4342fe729a368c6df36578d7a348c7c716be1da0a1a0f86e3021f8e98724"},
    {file = "rpds_py-0.24.0-cp310-cp310-macosx_11_0_arm64.whl", hash = "sha256:2d53747da70a4e4b17f559569d5f9506420966083a31c5fbd84e764461c4444b"},
    {file = "rpds_py-0.24.0-cp310-cp310-manylinux_2_17_aarch64.manylinux2014_aarch64.whl", hash = "sha256:e8acd55bd5b071156bae57b555f5d33697998752673b9de554dd82f5b5352727"},
    {file = "rpds_py-0.24.0-cp310-cp310-manylinux_2_17_armv7l.manylinux2014_armv7l.whl", hash = "sha256:7e80d375134ddb04231a53800503752093dbb65dad8dabacce2c84cccc78e964"},
    {file = "rpds_py-0.24.0-cp310-cp310-manylinux_2_17_ppc64le.manylinux2014_ppc64le.whl", hash = "sha256:60748789e028d2a46fc1c70750454f83c6bdd0d05db50f5ae83e2db500b34da5"},
    {file = "rpds_py-0.24.0-cp310-cp310-manylinux_2_17_s390x.manylinux2014_s390x.whl", hash = "sha256:6e1daf5bf6c2be39654beae83ee6b9a12347cb5aced9a29eecf12a2d25fff664"},
    {file = "rpds_py-0.24.0-cp310-cp310-manylinux_2_17_x86_64.manylinux2014_x86_64.whl", hash = "sha256:1b221c2457d92a1fb3c97bee9095c874144d196f47c038462ae6e4a14436f7bc"},
    {file = "rpds_py-0.24.0-cp310-cp310-manylinux_2_5_i686.manylinux1_i686.whl", hash = "sha256:66420986c9afff67ef0c5d1e4cdc2d0e5262f53ad11e4f90e5e22448df485bf0"},
    {file = "rpds_py-0.24.0-cp310-cp310-musllinux_1_2_aarch64.whl", hash = "sha256:43dba99f00f1d37b2a0265a259592d05fcc8e7c19d140fe51c6e6f16faabeb1f"},
    {file = "rpds_py-0.24.0-cp310-cp310-musllinux_1_2_i686.whl", hash = "sha256:a88c0d17d039333a41d9bf4616bd062f0bd7aa0edeb6cafe00a2fc2a804e944f"},
    {file = "rpds_py-0.24.0-cp310-cp310-musllinux_1_2_x86_64.whl", hash = "sha256:cc31e13ce212e14a539d430428cd365e74f8b2d534f8bc22dd4c9c55b277b875"},
    {file = "rpds_py-0.24.0-cp310-cp310-win32.whl", hash = "sha256:fc2c1e1b00f88317d9de6b2c2b39b012ebbfe35fe5e7bef980fd2a91f6100a07"},
    {file = "rpds_py-0.24.0-cp310-cp310-win_amd64.whl", hash = "sha256:c0145295ca415668420ad142ee42189f78d27af806fcf1f32a18e51d47dd2052"},
    {file = "rpds_py-0.24.0-cp311-cp311-macosx_10_12_x86_64.whl", hash = "sha256:2d3ee4615df36ab8eb16c2507b11e764dcc11fd350bbf4da16d09cda11fcedef"},
    {file = "rpds_py-0.24.0-cp311-cp311-macosx_11_0_arm64.whl", hash = "sha256:e13ae74a8a3a0c2f22f450f773e35f893484fcfacb00bb4344a7e0f4f48e1f97"},
    {file = "rpds_py-0.24.0-cp311-cp311-manylinux_2_17_aarch64.manylinux2014_aarch64.whl", hash = "sha256:cf86f72d705fc2ef776bb7dd9e5fbba79d7e1f3e258bf9377f8204ad0fc1c51e"},
    {file = "rpds_py-0.24.0-cp311-cp311-manylinux_2_17_armv7l.manylinux2014_armv7l.whl", hash = "sha256:c43583ea8517ed2e780a345dd9960896afc1327e8cf3ac8239c167530397440d"},
    {file = "rpds_py-0.24.0-cp311-cp311-manylinux_2_17_ppc64le.manylinux2014_ppc64le.whl", hash = "sha256:4cd031e63bc5f05bdcda120646a0d32f6d729486d0067f09d79c8db5368f4586"},
    {file = "rpds_py-0.24.0-cp311-cp311-manylinux_2_17_s390x.manylinux2014_s390x.whl", hash = "sha256:34d90ad8c045df9a4259c47d2e16a3f21fdb396665c94520dbfe8766e62187a4"},
    {file = "rpds_py-0.24.0-cp311-cp311-manylinux_2_17_x86_64.manylinux2014_x86_64.whl", hash = "sha256:e838bf2bb0b91ee67bf2b889a1a841e5ecac06dd7a2b1ef4e6151e2ce155c7ae"},
    {file = "rpds_py-0.24.0-cp311-cp311-manylinux_2_5_i686.manylinux1_i686.whl", hash = "sha256:04ecf5c1ff4d589987b4d9882872f80ba13da7d42427234fce8f22efb43133bc"},
    {file = "rpds_py-0.24.0-cp311-cp311-musllinux_1_2_aarch64.whl", hash = "sha256:630d3d8ea77eabd6cbcd2ea712e1c5cecb5b558d39547ac988351195db433f6c"},
    {file = "rpds_py-0.24.0-cp311-cp311-musllinux_1_2_i686.whl", hash = "sha256:ebcb786b9ff30b994d5969213a8430cbb984cdd7ea9fd6df06663194bd3c450c"},
    {file = "rpds_py-0.24.0-cp311-cp311-musllinux_1_2_x86_64.whl", hash = "sha256:174e46569968ddbbeb8a806d9922f17cd2b524aa753b468f35b97ff9c19cb718"},
    {file = "rpds_py-0.24.0-cp311-cp311-win32.whl", hash = "sha256:5ef877fa3bbfb40b388a5ae1cb00636a624690dcb9a29a65267054c9ea86d88a"},
    {file = "rpds_py-0.24.0-cp311-cp311-win_amd64.whl", hash = "sha256:e274f62cbd274359eff63e5c7e7274c913e8e09620f6a57aae66744b3df046d6"},
    {file = "rpds_py-0.24.0-cp312-cp312-macosx_10_12_x86_64.whl", hash = "sha256:d8551e733626afec514b5d15befabea0dd70a343a9f23322860c4f16a9430205"},
    {file = "rpds_py-0.24.0-cp312-cp312-macosx_11_0_arm64.whl", hash = "sha256:0e374c0ce0ca82e5b67cd61fb964077d40ec177dd2c4eda67dba130de09085c7"},
    {file = "rpds_py-0.24.0-cp312-cp312-manylinux_2_17_aarch64.manylinux2014_aarch64.whl", hash = "sha256:d69d003296df4840bd445a5d15fa5b6ff6ac40496f956a221c4d1f6f7b4bc4d9"},
    {file = "rpds_py-0.24.0-cp312-cp312-manylinux_2_17_armv7l.manylinux2014_armv7l.whl", hash = "sha256:8212ff58ac6dfde49946bea57474a386cca3f7706fc72c25b772b9ca4af6b79e"},
    {file = "rpds_py-0.24.0-cp312-cp312-manylinux_2_17_ppc64le.manylinux2014_ppc64le.whl", hash = "sha256:528927e63a70b4d5f3f5ccc1fa988a35456eb5d15f804d276709c33fc2f19bda"},
    {file = "rpds_py-0.24.0-cp312-cp312-manylinux_2_17_s390x.manylinux2014_s390x.whl", hash = "sha256:a824d2c7a703ba6daaca848f9c3d5cb93af0505be505de70e7e66829affd676e"},
    {file = "rpds_py-0.24.0-cp312-cp312-manylinux_2_17_x86_64.manylinux2014_x86_64.whl", hash = "sha256:44d51febb7a114293ffd56c6cf4736cb31cd68c0fddd6aa303ed09ea5a48e029"},
    {file = "rpds_py-0.24.0-cp312-cp312-manylinux_2_5_i686.manylinux1_i686.whl", hash = "sha256:3fab5f4a2c64a8fb64fc13b3d139848817a64d467dd6ed60dcdd6b479e7febc9"},
    {file = "rpds_py-0.24.0-cp312-cp312-musllinux_1_2_aarch64.whl", hash = "sha256:9be4f99bee42ac107870c61dfdb294d912bf81c3c6d45538aad7aecab468b6b7"},
    {file = "rpds_py-0.24.0-cp312-cp312-musllinux_1_2_i686.whl", hash = "sha256:564c96b6076a98215af52f55efa90d8419cc2ef45d99e314fddefe816bc24f91"},
    {file = "rpds_py-0.24.0-cp312-cp312-musllinux_1_2_x86_64.whl", hash = "sha256:75a810b7664c17f24bf2ffd7f92416c00ec84b49bb68e6a0d93e542406336b56"},
    {file = "rpds_py-0.24.0-cp312-cp312-win32.whl", hash = "sha256:f6016bd950be4dcd047b7475fdf55fb1e1f59fc7403f387be0e8123e4a576d30"},
    {file = "rpds_py-0.24.0-cp312-cp312-win_amd64.whl", hash = "sha256:998c01b8e71cf051c28f5d6f1187abbdf5cf45fc0efce5da6c06447cba997034"},
    {file = "rpds_py-0.24.0-cp313-cp313-macosx_10_12_x86_64.whl", hash = "sha256:3d2d8e4508e15fc05b31285c4b00ddf2e0eb94259c2dc896771966a163122a0c"},
    {file = "rpds_py-0.24.0-cp313-cp313-macosx_11_0_arm64.whl", hash = "sha256:0f00c16e089282ad68a3820fd0c831c35d3194b7cdc31d6e469511d9bffc535c"},
    {file = "rpds_py-0.24.0-cp313-cp313-manylinux_2_17_aarch64.manylinux2014_aarch64.whl", hash = "sha256:951cc481c0c395c4a08639a469d53b7d4afa252529a085418b82a6b43c45c240"},
    {file = "rpds_py-0.24.0-cp313-cp313-manylinux_2_17_armv7l.manylinux2014_armv7l.whl", hash = "sha256:c9ca89938dff18828a328af41ffdf3902405a19f4131c88e22e776a8e228c5a8"},
    {file = "rpds_py-0.24.0-cp313-cp313-manylinux_2_17_ppc64le.manylinux2014_ppc64le.whl", hash = "sha256:ed0ef550042a8dbcd657dfb284a8ee00f0ba269d3f2286b0493b15a5694f9fe8"},
    {file = "rpds_py-0.24.0-cp313-cp313-manylinux_2_17_s390x.manylinux2014_s390x.whl", hash = "sha256:2b2356688e5d958c4d5cb964af865bea84db29971d3e563fb78e46e20fe1848b"},
    {file = "rpds_py-0.24.0-cp313-cp313-manylinux_2_17_x86_64.manylinux2014_x86_64.whl", hash = "sha256:78884d155fd15d9f64f5d6124b486f3d3f7fd7cd71a78e9670a0f6f6ca06fb2d"},
    {file = "rpds_py-0.24.0-cp313-cp313-manylinux_2_5_i686.manylinux1_i686.whl", hash = "sha256:6a4a535013aeeef13c5532f802708cecae8d66c282babb5cd916379b72110cf7"},
    {file = "rpds_py-0.24.0-cp313-cp313-musllinux_1_2_aarch64.whl", hash = "sha256:84e0566f15cf4d769dade9b366b7b87c959be472c92dffb70462dd0844d7cbad"},
    {file = "rpds_py-0.24.0-cp313-cp313-musllinux_1_2_i686.whl", hash = "sha256:823e74ab6fbaa028ec89615ff6acb409e90ff45580c45920d4dfdddb069f2120"},
    {file = "rpds_py-0.24.0-cp313-cp313-musllinux_1_2_x86_64.whl", hash = "sha256:c61a2cb0085c8783906b2f8b1f16a7e65777823c7f4d0a6aaffe26dc0d358dd9"},
    {file = "rpds_py-0.24.0-cp313-cp313-win32.whl", hash = "sha256:60d9b630c8025b9458a9d114e3af579a2c54bd32df601c4581bd054e85258143"},
    {file = "rpds_py-0.24.0-cp313-cp313-win_amd64.whl", hash = "sha256:6eea559077d29486c68218178ea946263b87f1c41ae7f996b1f30a983c476a5a"},
    {file = "rpds_py-0.24.0-cp313-cp313t-macosx_10_12_x86_64.whl", hash = "sha256:d09dc82af2d3c17e7dd17120b202a79b578d79f2b5424bda209d9966efeed114"},
    {file = "rpds_py-0.24.0-cp313-cp313t-macosx_11_0_arm64.whl", hash = "sha256:5fc13b44de6419d1e7a7e592a4885b323fbc2f46e1f22151e3a8ed3b8b920405"},
    {file = "rpds_py-0.24.0-cp313-cp313t-manylinux_2_17_aarch64.manylinux2014_aarch64.whl", hash = "sha256:c347a20d79cedc0a7bd51c4d4b7dbc613ca4e65a756b5c3e57ec84bd43505b47"},
    {file = "rpds_py-0.24.0-cp313-cp313t-manylinux_2_17_armv7l.manylinux2014_armv7l.whl", hash = "sha256:20f2712bd1cc26a3cc16c5a1bfee9ed1abc33d4cdf1aabd297fe0eb724df4272"},
    {file = "rpds_py-0.24.0-cp313-cp313t-manylinux_2_17_ppc64le.manylinux2014_ppc64le.whl", hash = "sha256:aad911555286884be1e427ef0dc0ba3929e6821cbeca2194b13dc415a462c7fd"},
    {file = "rpds_py-0.24.0-cp313-cp313t-manylinux_2_17_s390x.manylinux2014_s390x.whl", hash = "sha256:0aeb3329c1721c43c58cae274d7d2ca85c1690d89485d9c63a006cb79a85771a"},
    {file = "rpds_py-0.24.0-cp313-cp313t-manylinux_2_17_x86_64.manylinux2014_x86_64.whl", hash = "sha256:2a0f156e9509cee987283abd2296ec816225145a13ed0391df8f71bf1d789e2d"},
    {file = "rpds_py-0.24.0-cp313-cp313t-manylinux_2_5_i686.manylinux1_i686.whl", hash = "sha256:aa6800adc8204ce898c8a424303969b7aa6a5e4ad2789c13f8648739830323b7"},
    {file = "rpds_py-0.24.0-cp313-cp313t-musllinux_1_2_aarch64.whl", hash = "sha256:a18fc371e900a21d7392517c6f60fe859e802547309e94313cd8181ad9db004d"},
    {file = "rpds_py-0.24.0-cp313-cp313t-musllinux_1_2_i686.whl", hash = "sha256:9168764133fd919f8dcca2ead66de0105f4ef5659cbb4fa044f7014bed9a1797"},
    {file = "rpds_py-0.24.0-cp313-cp313t-musllinux_1_2_x86_64.whl", hash = "sha256:5f6e3cec44ba05ee5cbdebe92d052f69b63ae792e7d05f1020ac5e964394080c"},
    {file = "rpds_py-0.24.0-cp313-cp313t-win32.whl", hash = "sha256:8ebc7e65ca4b111d928b669713865f021b7773350eeac4a31d3e70144297baba"},
    {file = "rpds_py-0.24.0-cp313-cp313t-win_amd64.whl", hash = "sha256:675269d407a257b8c00a6b58205b72eec8231656506c56fd429d924ca00bb350"},
    {file = "rpds_py-0.24.0-cp39-cp39-macosx_10_12_x86_64.whl", hash = "sha256:a36b452abbf29f68527cf52e181fced56685731c86b52e852053e38d8b60bc8d"},
    {file = "rpds_py-0.24.0-cp39-cp39-macosx_11_0_arm64.whl", hash = "sha256:8b3b397eefecec8e8e39fa65c630ef70a24b09141a6f9fc17b3c3a50bed6b50e"},
    {file = "rpds_py-0.24.0-cp39-cp39-manylinux_2_17_aarch64.manylinux2014_aarch64.whl", hash = "sha256:cdabcd3beb2a6dca7027007473d8ef1c3b053347c76f685f5f060a00327b8b65"},
    {file = "rpds_py-0.24.0-cp39-cp39-manylinux_2_17_armv7l.manylinux2014_armv7l.whl", hash = "sha256:5db385bacd0c43f24be92b60c857cf760b7f10d8234f4bd4be67b5b20a7c0b6b"},
    {file = "rpds_py-0.24.0-cp39-cp39-manylinux_2_17_ppc64le.manylinux2014_ppc64le.whl", hash = "sha256:8097b3422d020ff1c44effc40ae58e67d93e60d540a65649d2cdaf9466030791"},
    {file = "rpds_py-0.24.0-cp39-cp39-manylinux_2_17_s390x.manylinux2014_s390x.whl", hash = "sha256:493fe54318bed7d124ce272fc36adbf59d46729659b2c792e87c3b95649cdee9"},
    {file = "rpds_py-0.24.0-cp39-cp39-manylinux_2_17_x86_64.manylinux2014_x86_64.whl", hash = "sha256:8aa362811ccdc1f8dadcc916c6d47e554169ab79559319ae9fae7d7752d0d60c"},
    {file = "rpds_py-0.24.0-cp39-cp39-manylinux_2_5_i686.manylinux1_i686.whl", hash = "sha256:d8f9a6e7fd5434817526815f09ea27f2746c4a51ee11bb3439065f5fc754db58"},
    {file = "rpds_py-0.24.0-cp39-cp39-musllinux_1_2_aarch64.whl", hash = "sha256:8205ee14463248d3349131bb8099efe15cd3ce83b8ef3ace63c7e976998e7124"},
    {file = "rpds_py-0.24.0-cp39-cp39-musllinux_1_2_i686.whl", hash = "sha256:921ae54f9ecba3b6325df425cf72c074cd469dea843fb5743a26ca7fb2ccb149"},
    {file = "rpds_py-0.24.0-cp39-cp39-musllinux_1_2_x86_64.whl", hash = "sha256:32bab0a56eac685828e00cc2f5d1200c548f8bc11f2e44abf311d6b548ce2e45"},
    {file = "rpds_py-0.24.0-cp39-cp39-win32.whl", hash = "sha256:f5c0ed12926dec1dfe7d645333ea59cf93f4d07750986a586f511c0bc61fe103"},
    {file = "rpds_py-0.24.0-cp39-cp39-win_amd64.whl", hash = "sha256:afc6e35f344490faa8276b5f2f7cbf71f88bc2cda4328e00553bd451728c571f"},
    {file = "rpds_py-0.24.0-pp310-pypy310_pp73-macosx_10_12_x86_64.whl", hash = "sha256:619ca56a5468f933d940e1bf431c6f4e13bef8e688698b067ae68eb4f9b30e3a"},
    {file = "rpds_py-0.24.0-pp310-pypy310_pp73-macosx_11_0_arm64.whl", hash = "sha256:4b28e5122829181de1898c2c97f81c0b3246d49f585f22743a1246420bb8d399"},
    {file = "rpds_py-0.24.0-pp310-pypy310_pp73-manylinux_2_17_aarch64.manylinux2014_aarch64.whl", hash = "sha256:e8e5ab32cf9eb3647450bc74eb201b27c185d3857276162c101c0f8c6374e098"},
    {file = "rpds_py-0.24.0-pp310-pypy310_pp73-manylinux_2_17_armv7l.manylinux2014_armv7l.whl", hash = "sha256:208b3a70a98cf3710e97cabdc308a51cd4f28aa6e7bb11de3d56cd8b74bab98d"},
    {file = "rpds_py-0.24.0-pp310-pypy310_pp73-manylinux_2_17_ppc64le.manylinux2014_ppc64le.whl", hash = "sha256:bbc4362e06f950c62cad3d4abf1191021b2ffaf0b31ac230fbf0526453eee75e"},
    {file = "rpds_py-0.24.0-pp310-pypy310_pp73-manylinux_2_17_s390x.manylinux2014_s390x.whl", hash = "sha256:ebea2821cdb5f9fef44933617be76185b80150632736f3d76e54829ab4a3b4d1"},
    {file = "rpds_py-0.24.0-pp310-pypy310_pp73-manylinux_2_17_x86_64.manylinux2014_x86_64.whl", hash = "sha256:b9a4df06c35465ef4d81799999bba810c68d29972bf1c31db61bfdb81dd9d5bb"},
    {file = "rpds_py-0.24.0-pp310-pypy310_pp73-manylinux_2_5_i686.manylinux1_i686.whl", hash = "sha256:d3aa13bdf38630da298f2e0d77aca967b200b8cc1473ea05248f6c5e9c9bdb44"},
    {file = "rpds_py-0.24.0-pp310-pypy310_pp73-musllinux_1_2_aarch64.whl", hash = "sha256:041f00419e1da7a03c46042453598479f45be3d787eb837af382bfc169c0db33"},
    {file = "rpds_py-0.24.0-pp310-pypy310_pp73-musllinux_1_2_i686.whl", hash = "sha256:d8754d872a5dfc3c5bf9c0e059e8107451364a30d9fd50f1f1a85c4fb9481164"},
    {file = "rpds_py-0.24.0-pp310-pypy310_pp73-musllinux_1_2_x86_64.whl", hash = "sha256:896c41007931217a343eff197c34513c154267636c8056fb409eafd494c3dcdc"},
    {file = "rpds_py-0.24.0-pp310-pypy310_pp73-win_amd64.whl", hash = "sha256:92558d37d872e808944c3c96d0423b8604879a3d1c86fdad508d7ed91ea547d5"},
    {file = "rpds_py-0.24.0-pp311-pypy311_pp73-macosx_10_12_x86_64.whl", hash = "sha256:f9e0057a509e096e47c87f753136c9b10d7a91842d8042c2ee6866899a717c0d"},
    {file = "rpds_py-0.24.0-pp311-pypy311_pp73-macosx_11_0_arm64.whl", hash = "sha256:d6e109a454412ab82979c5b1b3aee0604eca4bbf9a02693bb9df027af2bfa91a"},
    {file = "rpds_py-0.24.0-pp311-pypy311_pp73-manylinux_2_17_aarch64.manylinux2014_aarch64.whl", hash = "sha256:fc1c892b1ec1f8cbd5da8de287577b455e388d9c328ad592eabbdcb6fc93bee5"},
    {file = "rpds_py-0.24.0-pp311-pypy311_pp73-manylinux_2_17_armv7l.manylinux2014_armv7l.whl", hash = "sha256:9c39438c55983d48f4bb3487734d040e22dad200dab22c41e331cee145e7a50d"},
    {file = "rpds_py-0.24.0-pp311-pypy311_pp73-manylinux_2_17_ppc64le.manylinux2014_ppc64le.whl", hash = "sha256:9d7e8ce990ae17dda686f7e82fd41a055c668e13ddcf058e7fb5e9da20b57793"},
    {file = "rpds_py-0.24.0-pp311-pypy311_pp73-manylinux_2_17_s390x.manylinux2014_s390x.whl", hash = "sha256:9ea7f4174d2e4194289cb0c4e172d83e79a6404297ff95f2875cf9ac9bced8ba"},
    {file = "rpds_py-0.24.0-pp311-pypy311_pp73-manylinux_2_17_x86_64.manylinux2014_x86_64.whl", hash = "sha256:bb2954155bb8f63bb19d56d80e5e5320b61d71084617ed89efedb861a684baea"},
    {file = "rpds_py-0.24.0-pp311-pypy311_pp73-manylinux_2_5_i686.manylinux1_i686.whl", hash = "sha256:04f2b712a2206e13800a8136b07aaedc23af3facab84918e7aa89e4be0260032"},
    {file = "rpds_py-0.24.0-pp311-pypy311_pp73-musllinux_1_2_aarch64.whl", hash = "sha256:eda5c1e2a715a4cbbca2d6d304988460942551e4e5e3b7457b50943cd741626d"},
    {file = "rpds_py-0.24.0-pp311-pypy311_pp73-musllinux_1_2_i686.whl", hash = "sha256:9abc80fe8c1f87218db116016de575a7998ab1629078c90840e8d11ab423ee25"},
    {file = "rpds_py-0.24.0-pp311-pypy311_pp73-musllinux_1_2_x86_64.whl", hash = "sha256:6a727fd083009bc83eb83d6950f0c32b3c94c8b80a9b667c87f4bd1274ca30ba"},
    {file = "rpds_py-0.24.0-pp39-pypy39_pp73-macosx_10_12_x86_64.whl", hash = "sha256:e0f3ef95795efcd3b2ec3fe0a5bcfb5dadf5e3996ea2117427e524d4fbf309c6"},
    {file = "rpds_py-0.24.0-pp39-pypy39_pp73-macosx_11_0_arm64.whl", hash = "sha256:2c13777ecdbbba2077670285dd1fe50828c8742f6a4119dbef6f83ea13ad10fb"},
    {file = "rpds_py-0.24.0-pp39-pypy39_pp73-manylinux_2_17_aarch64.manylinux2014_aarch64.whl", hash = "sha256:79e8d804c2ccd618417e96720ad5cd076a86fa3f8cb310ea386a3e6229bae7d1"},
    {file = "rpds_py-0.24.0-pp39-pypy39_pp73-manylinux_2_17_armv7l.manylinux2014_armv7l.whl", hash = "sha256:fd822f019ccccd75c832deb7aa040bb02d70a92eb15a2f16c7987b7ad4ee8d83"},
    {file = "rpds_py-0.24.0-pp39-pypy39_pp73-manylinux_2_17_ppc64le.manylinux2014_ppc64le.whl", hash = "sha256:0047638c3aa0dbcd0ab99ed1e549bbf0e142c9ecc173b6492868432d8989a046"},
    {file = "rpds_py-0.24.0-pp39-pypy39_pp73-manylinux_2_17_s390x.manylinux2014_s390x.whl", hash = "sha256:a5b66d1b201cc71bc3081bc2f1fc36b0c1f268b773e03bbc39066651b9e18391"},
    {file = "rpds_py-0.24.0-pp39-pypy39_pp73-manylinux_2_17_x86_64.manylinux2014_x86_64.whl", hash = "sha256:dbcbb6db5582ea33ce46a5d20a5793134b5365110d84df4e30b9d37c6fd40ad3"},
    {file = "rpds_py-0.24.0-pp39-pypy39_pp73-manylinux_2_5_i686.manylinux1_i686.whl", hash = "sha256:63981feca3f110ed132fd217bf7768ee8ed738a55549883628ee3da75bb9cb78"},
    {file = "rpds_py-0.24.0-pp39-pypy39_pp73-musllinux_1_2_aarch64.whl", hash = "sha256:3a55fc10fdcbf1a4bd3c018eea422c52cf08700cf99c28b5cb10fe97ab77a0d3"},
    {file = "rpds_py-0.24.0-pp39-pypy39_pp73-musllinux_1_2_i686.whl", hash = "sha256:c30ff468163a48535ee7e9bf21bd14c7a81147c0e58a36c1078289a8ca7af0bd"},
    {file = "rpds_py-0.24.0-pp39-pypy39_pp73-musllinux_1_2_x86_64.whl", hash = "sha256:369d9c6d4c714e36d4a03957b4783217a3ccd1e222cdd67d464a3a479fc17796"},
    {file = "rpds_py-0.24.0-pp39-pypy39_pp73-win_amd64.whl", hash = "sha256:24795c099453e3721fda5d8ddd45f5dfcc8e5a547ce7b8e9da06fecc3832e26f"},
    {file = "rpds_py-0.24.0.tar.gz", hash = "sha256:772cc1b2cd963e7e17e6cc55fe0371fb9c704d63e44cacec7b9b7f523b78919e"},
]

[[package]]
name = "ruff"
version = "0.11.3"
description = "An extremely fast Python linter and code formatter, written in Rust."
optional = false
python-versions = ">=3.7"
groups = ["dev"]
files = [
    {file = "ruff-0.11.3-py3-none-linux_armv6l.whl", hash = "sha256:cb893a5eedff45071d52565300a20cd4ac088869e156b25e0971cb98c06f5dd7"},
    {file = "ruff-0.11.3-py3-none-macosx_10_12_x86_64.whl", hash = "sha256:58edd48af0e201e2f494789de80f5b2f2b46c9a2991a12ea031254865d5f6aa3"},
    {file = "ruff-0.11.3-py3-none-macosx_11_0_arm64.whl", hash = "sha256:520f6ade25cea98b2e5cb29eb0906f6a0339c6b8e28a024583b867f48295f1ed"},
    {file = "ruff-0.11.3-py3-none-manylinux_2_17_aarch64.manylinux2014_aarch64.whl", hash = "sha256:d1ca4405a93ebbc05e924358f872efceb1498c3d52a989ddf9476712a5480b16"},
    {file = "ruff-0.11.3-py3-none-manylinux_2_17_armv7l.manylinux2014_armv7l.whl", hash = "sha256:f4341d38775a6be605ce7cd50e951b89de65cbd40acb0399f95b8e1524d604c8"},
    {file = "ruff-0.11.3-py3-none-manylinux_2_17_i686.manylinux2014_i686.whl", hash = "sha256:72bf5b49e4b546f4bea6c05448ab71919b09cf75363adf5e3bf5276124afd31c"},
    {file = "ruff-0.11.3-py3-none-manylinux_2_17_ppc64.manylinux2014_ppc64.whl", hash = "sha256:9fa791ee6c3629ba7f9ba2c8f2e76178b03f3eaefb920e426302115259819237"},
    {file = "ruff-0.11.3-py3-none-manylinux_2_17_ppc64le.manylinux2014_ppc64le.whl", hash = "sha256:2c81d3fe718f4d303aaa4ccdcd0f43e23bb2127da3353635f718394ca9b26721"},
    {file = "ruff-0.11.3-py3-none-manylinux_2_17_s390x.manylinux2014_s390x.whl", hash = "sha256:4e4c38e9b6c01caaba46b6d8e732791f4c78389a9923319991d55b298017ce02"},
    {file = "ruff-0.11.3-py3-none-manylinux_2_17_x86_64.manylinux2014_x86_64.whl", hash = "sha256:9686f5d1a2b4c918b5a6e9876bfe7f47498a990076624d41f57d17aadd02a4dd"},
    {file = "ruff-0.11.3-py3-none-musllinux_1_2_aarch64.whl", hash = "sha256:4800ddc4764d42d8961ce4cb972bcf5cc2730d11cca3f11f240d9f7360460408"},
    {file = "ruff-0.11.3-py3-none-musllinux_1_2_armv7l.whl", hash = "sha256:e63a2808879361aa9597d88d86380d8fb934953ef91f5ff3dafe18d9cb0b1e14"},
    {file = "ruff-0.11.3-py3-none-musllinux_1_2_i686.whl", hash = "sha256:8f8b1c4ae62638cc220df440140c21469232d8f2cb7f5059f395f7f48dcdb59e"},
    {file = "ruff-0.11.3-py3-none-musllinux_1_2_x86_64.whl", hash = "sha256:3ea2026be50f6b1fbedd2d1757d004e1e58bd0f414efa2a6fa01235468d4c82a"},
    {file = "ruff-0.11.3-py3-none-win32.whl", hash = "sha256:73d8b90d12674a0c6e98cd9e235f2dcad09d1a80e559a585eac994bb536917a3"},
    {file = "ruff-0.11.3-py3-none-win_amd64.whl", hash = "sha256:faf1bfb0a51fb3a82aa1112cb03658796acef978e37c7f807d3ecc50b52ecbf6"},
    {file = "ruff-0.11.3-py3-none-win_arm64.whl", hash = "sha256:67f8b68d7ab909f08af1fb601696925a89d65083ae2bb3ab286e572b5dc456aa"},
    {file = "ruff-0.11.3.tar.gz", hash = "sha256:8d5fcdb3bb359adc12b757ed832ee743993e7474b9de714bb9ea13c4a8458bf9"},
]

[[package]]
name = "taskipy"
version = "1.14.1"
description = "tasks runner for python projects"
optional = false
python-versions = "<4.0,>=3.6"
groups = ["dev"]
files = [
    {file = "taskipy-1.14.1-py3-none-any.whl", hash = "sha256:6e361520f29a0fd2159848e953599f9c75b1d0b047461e4965069caeb94908f1"},
    {file = "taskipy-1.14.1.tar.gz", hash = "sha256:410fbcf89692dfd4b9f39c2b49e1750b0a7b81affd0e2d7ea8c35f9d6a4774ed"},
]

[package.dependencies]
colorama = ">=0.4.4,<0.5.0"
mslex = {version = ">=1.1.0,<2.0.0", markers = "sys_platform == \"win32\""}
psutil = ">=5.7.2,<7"
tomli = {version = ">=2.0.1,<3.0.0", markers = "python_version >= \"3.7\" and python_version < \"4.0\""}

[[package]]
name = "tomli"
version = "2.2.1"
description = "A lil' TOML parser"
optional = false
python-versions = ">=3.8"
groups = ["dev"]
files = [
    {file = "tomli-2.2.1-cp311-cp311-macosx_10_9_x86_64.whl", hash = "sha256:678e4fa69e4575eb77d103de3df8a895e1591b48e740211bd1067378c69e8249"},
    {file = "tomli-2.2.1-cp311-cp311-macosx_11_0_arm64.whl", hash = "sha256:023aa114dd824ade0100497eb2318602af309e5a55595f76b626d6d9f3b7b0a6"},
    {file = "tomli-2.2.1-cp311-cp311-manylinux_2_17_aarch64.manylinux2014_aarch64.whl", hash = "sha256:ece47d672db52ac607a3d9599a9d48dcb2f2f735c6c2d1f34130085bb12b112a"},
    {file = "tomli-2.2.1-cp311-cp311-manylinux_2_17_x86_64.manylinux2014_x86_64.whl", hash = "sha256:6972ca9c9cc9f0acaa56a8ca1ff51e7af152a9f87fb64623e31d5c83700080ee"},
    {file = "tomli-2.2.1-cp311-cp311-manylinux_2_5_i686.manylinux1_i686.manylinux_2_17_i686.manylinux2014_i686.whl", hash = "sha256:c954d2250168d28797dd4e3ac5cf812a406cd5a92674ee4c8f123c889786aa8e"},
    {file = "tomli-2.2.1-cp311-cp311-musllinux_1_2_aarch64.whl", hash = "sha256:8dd28b3e155b80f4d54beb40a441d366adcfe740969820caf156c019fb5c7ec4"},
    {file = "tomli-2.2.1-cp311-cp311-musllinux_1_2_i686.whl", hash = "sha256:e59e304978767a54663af13c07b3d1af22ddee3bb2fb0618ca1593e4f593a106"},
    {file = "tomli-2.2.1-cp311-cp311-musllinux_1_2_x86_64.whl", hash = "sha256:33580bccab0338d00994d7f16f4c4ec25b776af3ffaac1ed74e0b3fc95e885a8"},
    {file = "tomli-2.2.1-cp311-cp311-win32.whl", hash = "sha256:465af0e0875402f1d226519c9904f37254b3045fc5084697cefb9bdde1ff99ff"},
    {file = "tomli-2.2.1-cp311-cp311-win_amd64.whl", hash = "sha256:2d0f2fdd22b02c6d81637a3c95f8cd77f995846af7414c5c4b8d0545afa1bc4b"},
    {file = "tomli-2.2.1-cp312-cp312-macosx_10_13_x86_64.whl", hash = "sha256:4a8f6e44de52d5e6c657c9fe83b562f5f4256d8ebbfe4ff922c495620a7f6cea"},
    {file = "tomli-2.2.1-cp312-cp312-macosx_11_0_arm64.whl", hash = "sha256:8d57ca8095a641b8237d5b079147646153d22552f1c637fd3ba7f4b0b29167a8"},
    {file = "tomli-2.2.1-cp312-cp312-manylinux_2_17_aarch64.manylinux2014_aarch64.whl", hash = "sha256:4e340144ad7ae1533cb897d406382b4b6fede8890a03738ff1683af800d54192"},
    {file = "tomli-2.2.1-cp312-cp312-manylinux_2_17_x86_64.manylinux2014_x86_64.whl", hash = "sha256:db2b95f9de79181805df90bedc5a5ab4c165e6ec3fe99f970d0e302f384ad222"},
    {file = "tomli-2.2.1-cp312-cp312-manylinux_2_5_i686.manylinux1_i686.manylinux_2_17_i686.manylinux2014_i686.whl", hash = "sha256:40741994320b232529c802f8bc86da4e1aa9f413db394617b9a256ae0f9a7f77"},
    {file = "tomli-2.2.1-cp312-cp312-musllinux_1_2_aarch64.whl", hash = "sha256:400e720fe168c0f8521520190686ef8ef033fb19fc493da09779e592861b78c6"},
    {file = "tomli-2.2.1-cp312-cp312-musllinux_1_2_i686.whl", hash = "sha256:02abe224de6ae62c19f090f68da4e27b10af2b93213d36cf44e6e1c5abd19fdd"},
    {file = "tomli-2.2.1-cp312-cp312-musllinux_1_2_x86_64.whl", hash = "sha256:b82ebccc8c8a36f2094e969560a1b836758481f3dc360ce9a3277c65f374285e"},
    {file = "tomli-2.2.1-cp312-cp312-win32.whl", hash = "sha256:889f80ef92701b9dbb224e49ec87c645ce5df3fa2cc548664eb8a25e03127a98"},
    {file = "tomli-2.2.1-cp312-cp312-win_amd64.whl", hash = "sha256:7fc04e92e1d624a4a63c76474610238576942d6b8950a2d7f908a340494e67e4"},
    {file = "tomli-2.2.1-cp313-cp313-macosx_10_13_x86_64.whl", hash = "sha256:f4039b9cbc3048b2416cc57ab3bda989a6fcf9b36cf8937f01a6e731b64f80d7"},
    {file = "tomli-2.2.1-cp313-cp313-macosx_11_0_arm64.whl", hash = "sha256:286f0ca2ffeeb5b9bd4fcc8d6c330534323ec51b2f52da063b11c502da16f30c"},
    {file = "tomli-2.2.1-cp313-cp313-manylinux_2_17_aarch64.manylinux2014_aarch64.whl", hash = "sha256:a92ef1a44547e894e2a17d24e7557a5e85a9e1d0048b0b5e7541f76c5032cb13"},
    {file = "tomli-2.2.1-cp313-cp313-manylinux_2_17_x86_64.manylinux2014_x86_64.whl", hash = "sha256:9316dc65bed1684c9a98ee68759ceaed29d229e985297003e494aa825ebb0281"},
    {file = "tomli-2.2.1-cp313-cp313-manylinux_2_5_i686.manylinux1_i686.manylinux_2_17_i686.manylinux2014_i686.whl", hash = "sha256:e85e99945e688e32d5a35c1ff38ed0b3f41f43fad8df0bdf79f72b2ba7bc5272"},
    {file = "tomli-2.2.1-cp313-cp313-musllinux_1_2_aarch64.whl", hash = "sha256:ac065718db92ca818f8d6141b5f66369833d4a80a9d74435a268c52bdfa73140"},
    {file = "tomli-2.2.1-cp313-cp313-musllinux_1_2_i686.whl", hash = "sha256:d920f33822747519673ee656a4b6ac33e382eca9d331c87770faa3eef562aeb2"},
    {file = "tomli-2.2.1-cp313-cp313-musllinux_1_2_x86_64.whl", hash = "sha256:a198f10c4d1b1375d7687bc25294306e551bf1abfa4eace6650070a5c1ae2744"},
    {file = "tomli-2.2.1-cp313-cp313-win32.whl", hash = "sha256:d3f5614314d758649ab2ab3a62d4f2004c825922f9e370b29416484086b264ec"},
    {file = "tomli-2.2.1-cp313-cp313-win_amd64.whl", hash = "sha256:a38aa0308e754b0e3c67e344754dff64999ff9b513e691d0e786265c93583c69"},
    {file = "tomli-2.2.1-py3-none-any.whl", hash = "sha256:cb55c73c5f4408779d0cf3eef9f762b9c9f147a77de7b258bef0a5628adc85cc"},
    {file = "tomli-2.2.1.tar.gz", hash = "sha256:cd45e1dc79c835ce60f7404ec8119f2eb06d38b1deba146f07ced3bbc44505ff"},
]

[[package]]
name = "typing-extensions"
version = "4.13.0"
description = "Backported and Experimental Type Hints for Python 3.8+"
optional = false
python-versions = ">=3.8"
groups = ["main"]
markers = "python_version < \"3.13\""
files = [
    {file = "typing_extensions-4.13.0-py3-none-any.whl", hash = "sha256:c8dd92cc0d6425a97c18fbb9d1954e5ff92c1ca881a309c45f06ebc0b79058e5"},
    {file = "typing_extensions-4.13.0.tar.gz", hash = "sha256:0a4ac55a5820789d87e297727d229866c9650f6521b64206413c4fbada24d95b"},
]

[[package]]
name = "websockets"
version = "15.0.1"
description = "An implementation of the WebSocket Protocol (RFC 6455 & 7692)"
optional = false
python-versions = ">=3.9"
groups = ["main"]
files = [
    {file = "websockets-15.0.1-cp310-cp310-macosx_10_9_universal2.whl", hash = "sha256:d63efaa0cd96cf0c5fe4d581521d9fa87744540d4bc999ae6e08595a1014b45b"},
    {file = "websockets-15.0.1-cp310-cp310-macosx_10_9_x86_64.whl", hash = "sha256:ac60e3b188ec7574cb761b08d50fcedf9d77f1530352db4eef1707fe9dee7205"},
    {file = "websockets-15.0.1-cp310-cp310-macosx_11_0_arm64.whl", hash = "sha256:5756779642579d902eed757b21b0164cd6fe338506a8083eb58af5c372e39d9a"},
    {file = "websockets-15.0.1-cp310-cp310-manylinux_2_17_aarch64.manylinux2014_aarch64.whl", hash = "sha256:0fdfe3e2a29e4db3659dbd5bbf04560cea53dd9610273917799f1cde46aa725e"},
    {file = "websockets-15.0.1-cp310-cp310-manylinux_2_5_i686.manylinux1_i686.manylinux_2_17_i686.manylinux2014_i686.whl", hash = "sha256:4c2529b320eb9e35af0fa3016c187dffb84a3ecc572bcee7c3ce302bfeba52bf"},
    {file = "websockets-15.0.1-cp310-cp310-manylinux_2_5_x86_64.manylinux1_x86_64.manylinux_2_17_x86_64.manylinux2014_x86_64.whl", hash = "sha256:ac1e5c9054fe23226fb11e05a6e630837f074174c4c2f0fe442996112a6de4fb"},
    {file = "websockets-15.0.1-cp310-cp310-musllinux_1_2_aarch64.whl", hash = "sha256:5df592cd503496351d6dc14f7cdad49f268d8e618f80dce0cd5a36b93c3fc08d"},
    {file = "websockets-15.0.1-cp310-cp310-musllinux_1_2_i686.whl", hash = "sha256:0a34631031a8f05657e8e90903e656959234f3a04552259458aac0b0f9ae6fd9"},
    {file = "websockets-15.0.1-cp310-cp310-musllinux_1_2_x86_64.whl", hash = "sha256:3d00075aa65772e7ce9e990cab3ff1de702aa09be3940d1dc88d5abf1ab8a09c"},
    {file = "websockets-15.0.1-cp310-cp310-win32.whl", hash = "sha256:1234d4ef35db82f5446dca8e35a7da7964d02c127b095e172e54397fb6a6c256"},
    {file = "websockets-15.0.1-cp310-cp310-win_amd64.whl", hash = "sha256:39c1fec2c11dc8d89bba6b2bf1556af381611a173ac2b511cf7231622058af41"},
    {file = "websockets-15.0.1-cp311-cp311-macosx_10_9_universal2.whl", hash = "sha256:823c248b690b2fd9303ba00c4f66cd5e2d8c3ba4aa968b2779be9532a4dad431"},
    {file = "websockets-15.0.1-cp311-cp311-macosx_10_9_x86_64.whl", hash = "sha256:678999709e68425ae2593acf2e3ebcbcf2e69885a5ee78f9eb80e6e371f1bf57"},
    {file = "websockets-15.0.1-cp311-cp311-macosx_11_0_arm64.whl", hash = "sha256:d50fd1ee42388dcfb2b3676132c78116490976f1300da28eb629272d5d93e905"},
    {file = "websockets-15.0.1-cp311-cp311-manylinux_2_17_aarch64.manylinux2014_aarch64.whl", hash = "sha256:d99e5546bf73dbad5bf3547174cd6cb8ba7273062a23808ffea025ecb1cf8562"},
    {file = "websockets-15.0.1-cp311-cp311-manylinux_2_5_i686.manylinux1_i686.manylinux_2_17_i686.manylinux2014_i686.whl", hash = "sha256:66dd88c918e3287efc22409d426c8f729688d89a0c587c88971a0faa2c2f3792"},
    {file = "websockets-15.0.1-cp311-cp311-manylinux_2_5_x86_64.manylinux1_x86_64.manylinux_2_17_x86_64.manylinux2014_x86_64.whl", hash = "sha256:8dd8327c795b3e3f219760fa603dcae1dcc148172290a8ab15158cf85a953413"},
    {file = "websockets-15.0.1-cp311-cp311-musllinux_1_2_aarch64.whl", hash = "sha256:8fdc51055e6ff4adeb88d58a11042ec9a5eae317a0a53d12c062c8a8865909e8"},
    {file = "websockets-15.0.1-cp311-cp311-musllinux_1_2_i686.whl", hash = "sha256:693f0192126df6c2327cce3baa7c06f2a117575e32ab2308f7f8216c29d9e2e3"},
    {file = "websockets-15.0.1-cp311-cp311-musllinux_1_2_x86_64.whl", hash = "sha256:54479983bd5fb469c38f2f5c7e3a24f9a4e70594cd68cd1fa6b9340dadaff7cf"},
    {file = "websockets-15.0.1-cp311-cp311-win32.whl", hash = "sha256:16b6c1b3e57799b9d38427dda63edcbe4926352c47cf88588c0be4ace18dac85"},
    {file = "websockets-15.0.1-cp311-cp311-win_amd64.whl", hash = "sha256:27ccee0071a0e75d22cb35849b1db43f2ecd3e161041ac1ee9d2352ddf72f065"},
    {file = "websockets-15.0.1-cp312-cp312-macosx_10_13_universal2.whl", hash = "sha256:3e90baa811a5d73f3ca0bcbf32064d663ed81318ab225ee4f427ad4e26e5aff3"},
    {file = "websockets-15.0.1-cp312-cp312-macosx_10_13_x86_64.whl", hash = "sha256:592f1a9fe869c778694f0aa806ba0374e97648ab57936f092fd9d87f8bc03665"},
    {file = "websockets-15.0.1-cp312-cp312-macosx_11_0_arm64.whl", hash = "sha256:0701bc3cfcb9164d04a14b149fd74be7347a530ad3bbf15ab2c678a2cd3dd9a2"},
    {file = "websockets-15.0.1-cp312-cp312-manylinux_2_17_aarch64.manylinux2014_aarch64.whl", hash = "sha256:e8b56bdcdb4505c8078cb6c7157d9811a85790f2f2b3632c7d1462ab5783d215"},
    {file = "websockets-15.0.1-cp312-cp312-manylinux_2_5_i686.manylinux1_i686.manylinux_2_17_i686.manylinux2014_i686.whl", hash = "sha256:0af68c55afbd5f07986df82831c7bff04846928ea8d1fd7f30052638788bc9b5"},
    {file = "websockets-15.0.1-cp312-cp312-manylinux_2_5_x86_64.manylinux1_x86_64.manylinux_2_17_x86_64.manylinux2014_x86_64.whl", hash = "sha256:64dee438fed052b52e4f98f76c5790513235efaa1ef7f3f2192c392cd7c91b65"},
    {file = "websockets-15.0.1-cp312-cp312-musllinux_1_2_aarch64.whl", hash = "sha256:d5f6b181bb38171a8ad1d6aa58a67a6aa9d4b38d0f8c5f496b9e42561dfc62fe"},
    {file = "websockets-15.0.1-cp312-cp312-musllinux_1_2_i686.whl", hash = "sha256:5d54b09eba2bada6011aea5375542a157637b91029687eb4fdb2dab11059c1b4"},
    {file = "websockets-15.0.1-cp312-cp312-musllinux_1_2_x86_64.whl", hash = "sha256:3be571a8b5afed347da347bfcf27ba12b069d9d7f42cb8c7028b5e98bbb12597"},
    {file = "websockets-15.0.1-cp312-cp312-win32.whl", hash = "sha256:c338ffa0520bdb12fbc527265235639fb76e7bc7faafbb93f6ba80d9c06578a9"},
    {file = "websockets-15.0.1-cp312-cp312-win_amd64.whl", hash = "sha256:fcd5cf9e305d7b8338754470cf69cf81f420459dbae8a3b40cee57417f4614a7"},
    {file = "websockets-15.0.1-cp313-cp313-macosx_10_13_universal2.whl", hash = "sha256:ee443ef070bb3b6ed74514f5efaa37a252af57c90eb33b956d35c8e9c10a1931"},
    {file = "websockets-15.0.1-cp313-cp313-macosx_10_13_x86_64.whl", hash = "sha256:5a939de6b7b4e18ca683218320fc67ea886038265fd1ed30173f5ce3f8e85675"},
    {file = "websockets-15.0.1-cp313-cp313-macosx_11_0_arm64.whl", hash = "sha256:746ee8dba912cd6fc889a8147168991d50ed70447bf18bcda7039f7d2e3d9151"},
    {file = "websockets-15.0.1-cp313-cp313-manylinux_2_17_aarch64.manylinux2014_aarch64.whl", hash = "sha256:595b6c3969023ecf9041b2936ac3827e4623bfa3ccf007575f04c5a6aa318c22"},
    {file = "websockets-15.0.1-cp313-cp313-manylinux_2_5_i686.manylinux1_i686.manylinux_2_17_i686.manylinux2014_i686.whl", hash = "sha256:3c714d2fc58b5ca3e285461a4cc0c9a66bd0e24c5da9911e30158286c9b5be7f"},
    {file = "websockets-15.0.1-cp313-cp313-manylinux_2_5_x86_64.manylinux1_x86_64.manylinux_2_17_x86_64.manylinux2014_x86_64.whl", hash = "sha256:0f3c1e2ab208db911594ae5b4f79addeb3501604a165019dd221c0bdcabe4db8"},
    {file = "websockets-15.0.1-cp313-cp313-musllinux_1_2_aarch64.whl", hash = "sha256:229cf1d3ca6c1804400b0a9790dc66528e08a6a1feec0d5040e8b9eb14422375"},
    {file = "websockets-15.0.1-cp313-cp313-musllinux_1_2_i686.whl", hash = "sha256:756c56e867a90fb00177d530dca4b097dd753cde348448a1012ed6c5131f8b7d"},
    {file = "websockets-15.0.1-cp313-cp313-musllinux_1_2_x86_64.whl", hash = "sha256:558d023b3df0bffe50a04e710bc87742de35060580a293c2a984299ed83bc4e4"},
    {file = "websockets-15.0.1-cp313-cp313-win32.whl", hash = "sha256:ba9e56e8ceeeedb2e080147ba85ffcd5cd0711b89576b83784d8605a7df455fa"},
    {file = "websockets-15.0.1-cp313-cp313-win_amd64.whl", hash = "sha256:e09473f095a819042ecb2ab9465aee615bd9c2028e4ef7d933600a8401c79561"},
    {file = "websockets-15.0.1-cp39-cp39-macosx_10_9_universal2.whl", hash = "sha256:5f4c04ead5aed67c8a1a20491d54cdfba5884507a48dd798ecaf13c74c4489f5"},
    {file = "websockets-15.0.1-cp39-cp39-macosx_10_9_x86_64.whl", hash = "sha256:abdc0c6c8c648b4805c5eacd131910d2a7f6455dfd3becab248ef108e89ab16a"},
    {file = "websockets-15.0.1-cp39-cp39-macosx_11_0_arm64.whl", hash = "sha256:a625e06551975f4b7ea7102bc43895b90742746797e2e14b70ed61c43a90f09b"},
    {file = "websockets-15.0.1-cp39-cp39-manylinux_2_17_aarch64.manylinux2014_aarch64.whl", hash = "sha256:d591f8de75824cbb7acad4e05d2d710484f15f29d4a915092675ad3456f11770"},
    {file = "websockets-15.0.1-cp39-cp39-manylinux_2_5_i686.manylinux1_i686.manylinux_2_17_i686.manylinux2014_i686.whl", hash = "sha256:47819cea040f31d670cc8d324bb6435c6f133b8c7a19ec3d61634e62f8d8f9eb"},
    {file = "websockets-15.0.1-cp39-cp39-manylinux_2_5_x86_64.manylinux1_x86_64.manylinux_2_17_x86_64.manylinux2014_x86_64.whl", hash = "sha256:ac017dd64572e5c3bd01939121e4d16cf30e5d7e110a119399cf3133b63ad054"},
    {file = "websockets-15.0.1-cp39-cp39-musllinux_1_2_aarch64.whl", hash = "sha256:4a9fac8e469d04ce6c25bb2610dc535235bd4aa14996b4e6dbebf5e007eba5ee"},
    {file = "websockets-15.0.1-cp39-cp39-musllinux_1_2_i686.whl", hash = "sha256:363c6f671b761efcb30608d24925a382497c12c506b51661883c3e22337265ed"},
    {file = "websockets-15.0.1-cp39-cp39-musllinux_1_2_x86_64.whl", hash = "sha256:2034693ad3097d5355bfdacfffcbd3ef5694f9718ab7f29c29689a9eae841880"},
    {file = "websockets-15.0.1-cp39-cp39-win32.whl", hash = "sha256:3b1ac0d3e594bf121308112697cf4b32be538fb1444468fb0a6ae4feebc83411"},
    {file = "websockets-15.0.1-cp39-cp39-win_amd64.whl", hash = "sha256:b7643a03db5c95c799b89b31c036d5f27eeb4d259c798e878d6937d71832b1e4"},
    {file = "websockets-15.0.1-pp310-pypy310_pp73-macosx_10_15_x86_64.whl", hash = "sha256:0c9e74d766f2818bb95f84c25be4dea09841ac0f734d1966f415e4edfc4ef1c3"},
    {file = "websockets-15.0.1-pp310-pypy310_pp73-macosx_11_0_arm64.whl", hash = "sha256:1009ee0c7739c08a0cd59de430d6de452a55e42d6b522de7aa15e6f67db0b8e1"},
    {file = "websockets-15.0.1-pp310-pypy310_pp73-manylinux_2_17_aarch64.manylinux2014_aarch64.whl", hash = "sha256:76d1f20b1c7a2fa82367e04982e708723ba0e7b8d43aa643d3dcd404d74f1475"},
    {file = "websockets-15.0.1-pp310-pypy310_pp73-manylinux_2_5_i686.manylinux1_i686.manylinux_2_17_i686.manylinux2014_i686.whl", hash = "sha256:f29d80eb9a9263b8d109135351caf568cc3f80b9928bccde535c235de55c22d9"},
    {file = "websockets-15.0.1-pp310-pypy310_pp73-manylinux_2_5_x86_64.manylinux1_x86_64.manylinux_2_17_x86_64.manylinux2014_x86_64.whl", hash = "sha256:b359ed09954d7c18bbc1680f380c7301f92c60bf924171629c5db97febb12f04"},
    {file = "websockets-15.0.1-pp310-pypy310_pp73-win_amd64.whl", hash = "sha256:cad21560da69f4ce7658ca2cb83138fb4cf695a2ba3e475e0559e05991aa8122"},
    {file = "websockets-15.0.1-pp39-pypy39_pp73-macosx_10_15_x86_64.whl", hash = "sha256:7f493881579c90fc262d9cdbaa05a6b54b3811c2f300766748db79f098db9940"},
    {file = "websockets-15.0.1-pp39-pypy39_pp73-macosx_11_0_arm64.whl", hash = "sha256:47b099e1f4fbc95b701b6e85768e1fcdaf1630f3cbe4765fa216596f12310e2e"},
    {file = "websockets-15.0.1-pp39-pypy39_pp73-manylinux_2_17_aarch64.manylinux2014_aarch64.whl", hash = "sha256:67f2b6de947f8c757db2db9c71527933ad0019737ec374a8a6be9a956786aaf9"},
    {file = "websockets-15.0.1-pp39-pypy39_pp73-manylinux_2_5_i686.manylinux1_i686.manylinux_2_17_i686.manylinux2014_i686.whl", hash = "sha256:d08eb4c2b7d6c41da6ca0600c077e93f5adcfd979cd777d747e9ee624556da4b"},
    {file = "websockets-15.0.1-pp39-pypy39_pp73-manylinux_2_5_x86_64.manylinux1_x86_64.manylinux_2_17_x86_64.manylinux2014_x86_64.whl", hash = "sha256:4b826973a4a2ae47ba357e4e82fa44a463b8f168e1ca775ac64521442b19e87f"},
    {file = "websockets-15.0.1-pp39-pypy39_pp73-win_amd64.whl", hash = "sha256:21c1fa28a6a7e3cbdc171c694398b6df4744613ce9b36b1a498e816787e28123"},
    {file = "websockets-15.0.1-py3-none-any.whl", hash = "sha256:f7a866fbc1e97b5c617ee4116daaa09b722101d4a3c170c787450ba409f9736f"},
    {file = "websockets-15.0.1.tar.gz", hash = "sha256:82544de02076bafba038ce055ee6412d68da13ab47f0c60cab827346de828dee"},
]

[metadata]
lock-version = "2.1"
python-versions = "^3.12"
content-hash = "f26b8af41bcb51eea3590a948f523a8687a9a25845884be7e224ea43018c1a1a"
